// This lockfile was autogenerated by Pants. To regenerate, run:
//
//    ./pants generate-lockfiles --resolve=python-default
//
// --- BEGIN PANTS LOCKFILE METADATA: DO NOT EDIT OR REMOVE ---
// {
//   "version": 3,
//   "valid_for_interpreter_constraints": [
//     "CPython<3.11,>=3.8"
//   ],
//   "generated_with_requirements": [
//     "numpy~=1.24.2",
//     "opencv-python~=4.6.0.66",
//     "python-socketio~=5.7.2",
//     "requests~=2.28.2",
//     "websocket-client~=1.5.1"
//   ],
//   "manylinux": "manylinux2014",
//   "requirement_constraints": [],
//   "only_binary": [],
//   "no_binary": []
// }
// --- END PANTS LOCKFILE METADATA ---

{
  "allow_builds": true,
  "allow_prereleases": false,
  "allow_wheels": true,
  "build_isolation": true,
  "constraints": [],
  "locked_resolves": [
    {
      "locked_requirements": [
        {
          "artifacts": [
            {
              "algorithm": "sha256",
              "hash": "6ef212238eb884b664f28da76f33f1d28b260f665fc737b413b287d5487d1e7b",
              "url": "https://files.pythonhosted.org/packages/b5/82/ce0b6380f35f49d3fe687979a324c342cfa3588380232f3801db9dd62f9e/bidict-0.22.1-py3-none-any.whl"
            },
            {
              "algorithm": "sha256",
              "hash": "1e0f7f74e4860e6d0943a05d4134c63a2fad86f3d4732fb265bd79e4e856d81d",
              "url": "https://files.pythonhosted.org/packages/f2/be/b31e6ea9c94096a323e7a0e2c61480db01f07610bb7e7ea72a06fd1a23a8/bidict-0.22.1.tar.gz"
            }
          ],
          "project_name": "bidict",
          "requires_dists": [
            "furo; extra == \"docs\"",
            "hypothesis; extra == \"test\"",
            "pre-commit; extra == \"lint\"",
            "pytest-benchmark[histogram]; extra == \"test\"",
            "pytest-cov; extra == \"test\"",
            "pytest-xdist; extra == \"test\"",
            "pytest; extra == \"test\"",
            "sortedcollections; extra == \"test\"",
            "sortedcontainers; extra == \"test\"",
            "sphinx-copybutton; extra == \"docs\"",
            "sphinx; extra == \"docs\"",
            "sphinx; extra == \"test\""
          ],
          "requires_python": ">=3.7",
          "version": "0.22.1"
        },
        {
          "artifacts": [
            {
              "algorithm": "sha256",
              "hash": "4ad3232f5e926d6718ec31cfc1fcadfde020920e278684144551c91769c7bc18",
              "url": "https://files.pythonhosted.org/packages/71/4c/3db2b8021bd6f2f0ceb0e088d6b2d49147671f25832fb17970e9b583d742/certifi-2022.12.7-py3-none-any.whl"
            },
            {
              "algorithm": "sha256",
              "hash": "35824b4c3a97115964b408844d64aa14db1cc518f6562e8d7261699d1350a9e3",
              "url": "https://files.pythonhosted.org/packages/37/f7/2b1b0ec44fdc30a3d31dfebe52226be9ddc40cd6c0f34ffc8923ba423b69/certifi-2022.12.7.tar.gz"
            }
          ],
          "project_name": "certifi",
          "requires_dists": [],
          "requires_python": ">=3.6",
          "version": "2022.12.7"
        },
        {
          "artifacts": [
            {
              "algorithm": "sha256",
              "hash": "7e189e2e1d3ed2f4aebabd2d5b0f931e883676e51c7624826e0a4e5fe8a0bf24",
              "url": "https://files.pythonhosted.org/packages/68/2b/02e9d6a98ddb73fa238d559a9edcc30b247b8dc4ee848b6184c936e99dc0/charset_normalizer-3.0.1-py3-none-any.whl"
            },
            {
              "algorithm": "sha256",
              "hash": "39049da0ffb96c8cbb65cbf5c5f3ca3168990adf3551bd1dee10c48fce8ae820",
              "url": "https://files.pythonhosted.org/packages/03/5e/e81488c74e86eef85cf085417ed945da2dcca87ed22d76202680c16bd3c3/charset_normalizer-3.0.1-cp38-cp38-musllinux_1_1_x86_64.whl"
            },
            {
              "algorithm": "sha256",
              "hash": "024e606be3ed92216e2b6952ed859d86b4cfa52cd5bc5f050e7dc28f9b43ec42",
              "url": "https://files.pythonhosted.org/packages/0e/d3/c5fa421dc69bb77c581ed561f1ec6656109c97731ad1128aa93d8bad3053/charset_normalizer-3.0.1-cp38-cp38-macosx_10_9_universal2.whl"
            },
            {
              "algorithm": "sha256",
              "hash": "8eade758719add78ec36dc13201483f8e9b5d940329285edcd5f70c0a9edbd7f",
              "url": "https://files.pythonhosted.org/packages/17/67/4b25c0358a2e812312b551e734d58855d58f47d0e0e9d1573930003910cb/charset_normalizer-3.0.1-cp39-cp39-macosx_10_9_universal2.whl"
            },
            {
              "algorithm": "sha256",
              "hash": "81d6741ab457d14fdedc215516665050f3822d3e56508921cc7239f8c8e66a58",
              "url": "https://files.pythonhosted.org/packages/17/da/fdf8ffc33716c82cae06008159a55a581fa515e8dd02e3395dcad42ff83d/charset_normalizer-3.0.1-cp38-cp38-manylinux_2_17_aarch64.manylinux2014_aarch64.whl"
            },
            {
              "algorithm": "sha256",
              "hash": "e696f0dd336161fca9adbb846875d40752e6eba585843c768935ba5c9960722b",
              "url": "https://files.pythonhosted.org/packages/20/a2/16b2cbf5f73bdd10624b94647b85c008ba25059792a5c7b4fdb8358bceeb/charset_normalizer-3.0.1-cp38-cp38-manylinux_2_17_x86_64.manylinux2014_x86_64.whl"
            },
            {
              "algorithm": "sha256",
              "hash": "0f438ae3532723fb6ead77e7c604be7c8374094ef4ee2c5e03a3a17f1fca256c",
              "url": "https://files.pythonhosted.org/packages/25/19/298089cef2eb82fd3810d982aa239d4226594f99e1fe78494cb9b47b03c9/charset_normalizer-3.0.1-cp39-cp39-musllinux_1_1_s390x.whl"
            },
            {
              "algorithm": "sha256",
              "hash": "44ba614de5361b3e5278e1241fda3dc1838deed864b50a10d7ce92983797fa76",
              "url": "https://files.pythonhosted.org/packages/2d/02/0f875eb6a1cf347bd3a6098f458f79796aafa3b51090fd7b2784736dc67d/charset_normalizer-3.0.1-cp310-cp310-musllinux_1_1_ppc64le.whl"
            },
            {
              "algorithm": "sha256",
              "hash": "ab5de034a886f616a5668aa5d098af2b5385ed70142090e2a31bcbd0af0fdb3d",
              "url": "https://files.pythonhosted.org/packages/31/06/f6330ee70c041a032ee1a5d32785d69748cfa41f64b6d327cc08cae51de9/charset_normalizer-3.0.1-cp39-cp39-musllinux_1_1_aarch64.whl"
            },
            {
              "algorithm": "sha256",
              "hash": "f6f45710b4459401609ebebdbcfb34515da4fc2aa886f95107f556ac69a9147e",
              "url": "https://files.pythonhosted.org/packages/31/af/67b7653a35dbd56f6bb9ff54652a551eae8420d1d0545f0042c5bdb15fb0/charset_normalizer-3.0.1-cp39-cp39-manylinux_2_17_s390x.manylinux2014_s390x.whl"
            },
            {
              "algorithm": "sha256",
              "hash": "8b8af03d2e37866d023ad0ddea594edefc31e827fee64f8de5611a1dbc373174",
              "url": "https://files.pythonhosted.org/packages/37/60/7a01f3a129d1af1f26ab2c56aae89a72dbf33fd46a467c1aa994ec62b90b/charset_normalizer-3.0.1-cp38-cp38-manylinux_2_17_ppc64le.manylinux2014_ppc64le.whl"
            },
            {
              "algorithm": "sha256",
              "hash": "31a9ddf4718d10ae04d9b18801bd776693487cbb57d74cc3458a7673f6f34639",
              "url": "https://files.pythonhosted.org/packages/55/2b/35619e03725bfa4af4a902e1996c9ee8052d6bce005ff79c9bd988820cb4/charset_normalizer-3.0.1-cp310-cp310-musllinux_1_1_i686.whl"
            },
            {
              "algorithm": "sha256",
              "hash": "9cf4e8ad252f7c38dd1f676b46514f92dc0ebeb0db5552f5f403509705e24753",
              "url": "https://files.pythonhosted.org/packages/56/5d/275fb120957dfe5a2262d04f28bc742fd4bcc2bd270d19bb8757e09737ef/charset_normalizer-3.0.1-cp38-cp38-manylinux_2_17_s390x.manylinux2014_s390x.whl"
            },
            {
              "algorithm": "sha256",
              "hash": "109487860ef6a328f3eec66f2bf78b0b72400280d8f8ea05f69c51644ba6521a",
              "url": "https://files.pythonhosted.org/packages/5b/e7/5527effca09d873e07e128d3daac7c531203b5105cb4e2956c2b7a8cc41c/charset_normalizer-3.0.1-cp38-cp38-musllinux_1_1_aarch64.whl"
            },
            {
              "algorithm": "sha256",
              "hash": "8499ca8f4502af841f68135133d8258f7b32a53a1d594aa98cc52013fff55678",
              "url": "https://files.pythonhosted.org/packages/6a/ab/3a00ecbddabe25132c20c1bd45e6f90c537b5f7a0b5bcaba094c4922928c/charset_normalizer-3.0.1-cp39-cp39-macosx_10_9_x86_64.whl"
            },
            {
              "algorithm": "sha256",
              "hash": "772b87914ff1152b92a197ef4ea40efe27a378606c39446ded52c8f80f79702e",
              "url": "https://files.pythonhosted.org/packages/6e/d7/1d4035fcbf7d0f2e89588a142628355d8d1cd652a227acefb9ec85908cd4/charset_normalizer-3.0.1-cp310-cp310-manylinux_2_17_s390x.manylinux2014_s390x.whl"
            },
            {
              "algorithm": "sha256",
              "hash": "12db3b2c533c23ab812c2b25934f60383361f8a376ae272665f8e48b88e8e1c6",
              "url": "https://files.pythonhosted.org/packages/92/00/b8dc8dd725297b05f1ab4929c9d7e879f31746131534221c5c8948bc7563/charset_normalizer-3.0.1-cp310-cp310-musllinux_1_1_s390x.whl"
            },
            {
              "algorithm": "sha256",
              "hash": "ebea339af930f8ca5d7a699b921106c6e29c617fe9606fa7baa043c1cdae326f",
              "url": "https://files.pythonhosted.org/packages/96/d7/1675d9089a1f4677df5eb29c3f8b064aa1e70c1251a0a8a127803158942d/charset-normalizer-3.0.1.tar.gz"
            },
            {
              "algorithm": "sha256",
              "hash": "c512accbd6ff0270939b9ac214b84fb5ada5f0409c44298361b2f5e13f9aed9e",
              "url": "https://files.pythonhosted.org/packages/98/e4/d4685870fda1cc7c5e29899ec329500460418e54f4f5df76ee520e30689a/charset_normalizer-3.0.1-cp310-cp310-musllinux_1_1_x86_64.whl"
            },
            {
              "algorithm": "sha256",
              "hash": "3b590df687e3c5ee0deef9fc8c547d81986d9a1b56073d82de008744452d6541",
              "url": "https://files.pythonhosted.org/packages/99/24/eb846dc9a797da58e6e5b3b5a71d3ff17264de3f424fb29aaa5d27173b55/charset_normalizer-3.0.1-cp39-cp39-manylinux_2_5_i686.manylinux1_i686.manylinux_2_17_i686.manylinux2014_i686.whl"
            },
            {
              "algorithm": "sha256",
              "hash": "4b0d02d7102dd0f997580b51edc4cebcf2ab6397a7edf89f1c73b586c614272c",
              "url": "https://files.pythonhosted.org/packages/9c/42/c1ebc736c57459aab28bfb8aa28c6a047796f2ea46050a3b129b4920dbe4/charset_normalizer-3.0.1-cp38-cp38-macosx_10_9_x86_64.whl"
            },
            {
              "algorithm": "sha256",
              "hash": "2edb64ee7bf1ed524a1da60cdcd2e1f6e2b4f66ef7c077680739f1641f62f555",
              "url": "https://files.pythonhosted.org/packages/9f/5a/9dc8932d1e5f8eeaa502e3c3fce91c86be20c04eb3ec202d2b7d74b567e5/charset_normalizer-3.0.1-cp310-cp310-musllinux_1_1_aarch64.whl"
            },
            {
              "algorithm": "sha256",
              "hash": "358a7c4cb8ba9b46c453b1dd8d9e431452d5249072e4f56cfda3149f6ab1405e",
              "url": "https://files.pythonhosted.org/packages/a2/a7/adc963ad8f8fddadd6be088e636972705ec9d1d92d1b45e6119eb02b7e9e/charset_normalizer-3.0.1-cp38-cp38-macosx_11_0_arm64.whl"
            },
            {
              "algorithm": "sha256",
              "hash": "62595ab75873d50d57323a91dd03e6966eb79c41fa834b7a1661ed043b2d404d",
              "url": "https://files.pythonhosted.org/packages/a3/4b/f565c852163312a0991c30598f403fd06796a12e408d7839cc46ca8d7f4a/charset_normalizer-3.0.1-cp310-cp310-manylinux_2_17_aarch64.manylinux2014_aarch64.whl"
            },
            {
              "algorithm": "sha256",
              "hash": "f97e83fa6c25693c7a35de154681fcc257c1c41b38beb0304b9c4d2d9e164479",
              "url": "https://files.pythonhosted.org/packages/aa/a4/2d6255d4db5d4558a92458fd8dacddfdda2fb4ad9c0a87db6f6034aded34/charset_normalizer-3.0.1-cp38-cp38-musllinux_1_1_ppc64le.whl"
            },
            {
              "algorithm": "sha256",
              "hash": "70990b9c51340e4044cfc394a81f614f3f90d41397104d226f21e66de668730d",
              "url": "https://files.pythonhosted.org/packages/af/63/2c00ff4e657fb9bb76306ffbc7878fd52067e39716f5e8b0dd5582caf1fa/charset_normalizer-3.0.1-cp310-cp310-manylinux_2_17_x86_64.manylinux2014_x86_64.whl"
            },
            {
              "algorithm": "sha256",
              "hash": "88600c72ef7587fe1708fd242b385b6ed4b8904976d5da0893e31df8b3480cb6",
              "url": "https://files.pythonhosted.org/packages/b2/4c/9a4f30042bfee22d34d80daf75f51817cdd23180d718e0160aab235c4faf/charset_normalizer-3.0.1-cp310-cp310-macosx_10_9_universal2.whl"
            },
            {
              "algorithm": "sha256",
              "hash": "00d3ffdaafe92a5dc603cb9bd5111aaa36dfa187c8285c543be562e61b755f6b",
              "url": "https://files.pythonhosted.org/packages/b5/1a/932d86fde86bb0d2992c74552c9a422883fe0890132bbc9a5e2211f03318/charset_normalizer-3.0.1-cp39-cp39-manylinux_2_17_aarch64.manylinux2014_aarch64.whl"
            },
            {
              "algorithm": "sha256",
              "hash": "292d5e8ba896bbfd6334b096e34bffb56161c81408d6d036a7dfa6929cff8783",
              "url": "https://files.pythonhosted.org/packages/c1/06/b7b1d3d186e0f288500b8a1161ede6b38a0abbf878c2033d667e815e6bd7/charset_normalizer-3.0.1-cp310-cp310-manylinux_2_5_i686.manylinux1_i686.manylinux_2_17_i686.manylinux2014_i686.whl"
            },
            {
              "algorithm": "sha256",
              "hash": "9cb3032517f1627cc012dbc80a8ec976ae76d93ea2b5feaa9d2a5b8882597579",
              "url": "https://files.pythonhosted.org/packages/c4/d4/94f1ea460cce04483d2460efba6fd4d66e6f60ad6fc6075dba13e3501e48/charset_normalizer-3.0.1-cp39-cp39-musllinux_1_1_i686.whl"
            },
            {
              "algorithm": "sha256",
              "hash": "c22d3fe05ce11d3671297dc8973267daa0f938b93ec716e12e0f6dee81591dc1",
              "url": "https://files.pythonhosted.org/packages/c8/a2/8f873138c99423de3b402daf8ccd7a538632c83d0c129444a6a18ef34e03/charset_normalizer-3.0.1-cp38-cp38-manylinux_2_5_i686.manylinux1_i686.manylinux_2_17_i686.manylinux2014_i686.whl"
            },
            {
              "algorithm": "sha256",
              "hash": "608862a7bf6957f2333fc54ab4399e405baad0163dc9f8d99cb236816db169d4",
              "url": "https://files.pythonhosted.org/packages/c9/dd/80a5e8c080b7e1cc2b0ca35f0d6aeedafd7bbd06d25031ac20868b1366d6/charset_normalizer-3.0.1-cp39-cp39-musllinux_1_1_ppc64le.whl"
            },
            {
              "algorithm": "sha256",
              "hash": "ff6f3db31555657f3163b15a6b7c6938d08df7adbfc9dd13d9d19edad678f1e8",
              "url": "https://files.pythonhosted.org/packages/d3/5b/4031145fcfb9ceaf49dad2fbf9a44e062eb2c08aff36f71d8aafbecf4567/charset_normalizer-3.0.1-cp310-cp310-manylinux_2_17_ppc64le.manylinux2014_ppc64le.whl"
            },
            {
              "algorithm": "sha256",
              "hash": "c2ac1b08635a8cd4e0cbeaf6f5e922085908d48eb05d44c5ae9eabab148512ca",
              "url": "https://files.pythonhosted.org/packages/dc/ff/2c7655d83b1d6d6a0e132d50d54131fcb8da763b417ccc6c4a506aa0e08c/charset_normalizer-3.0.1-cp39-cp39-manylinux_2_17_ppc64le.manylinux2014_ppc64le.whl"
            },
            {
              "algorithm": "sha256",
              "hash": "c75ffc45f25324e68ab238cb4b5c0a38cd1c3d7f1fb1f72b5541de469e2247db",
              "url": "https://files.pythonhosted.org/packages/e1/7f/64b51f144fa9e74da63fa690d9563eae627f4df6cc6ae5185a781e1912e5/charset_normalizer-3.0.1-cp310-cp310-macosx_10_9_x86_64.whl"
            },
            {
              "algorithm": "sha256",
              "hash": "3ae1de54a77dc0d6d5fcf623290af4266412a7c4be0b1ff7444394f03f5c54e3",
              "url": "https://files.pythonhosted.org/packages/e3/96/8cdbce165c96cce5f2c9c7748f7ed8e0cf0c5d03e213bbc90b7c3e918bf5/charset_normalizer-3.0.1-cp39-cp39-manylinux_2_17_x86_64.manylinux2014_x86_64.whl"
            },
            {
              "algorithm": "sha256",
              "hash": "37f8febc8ec50c14f3ec9637505f28e58d4f66752207ea177c1d67df25da5aed",
              "url": "https://files.pythonhosted.org/packages/e8/80/141f6af05332cbb811ab469f64deb1e1d4cc9e8b0c003aa8a38d689ce84a/charset_normalizer-3.0.1-cp38-cp38-musllinux_1_1_i686.whl"
            },
            {
              "algorithm": "sha256",
              "hash": "db72b07027db150f468fbada4d85b3b2729a3db39178abf5c543b784c1254539",
              "url": "https://files.pythonhosted.org/packages/f0/78/30d853a3073c866b47abede6d86b5532aa99ac67a95e86077d20be1ce481/charset_normalizer-3.0.1-cp310-cp310-macosx_11_0_arm64.whl"
            },
            {
              "algorithm": "sha256",
              "hash": "a152f5f33d64a6be73f1d30c9cc82dfc73cec6477ec268e7c6e4c7d23c2d2291",
              "url": "https://files.pythonhosted.org/packages/f1/ff/9a1c65d8c44958f45ae40cd558ab63bd499a35198a2014e13c0887c07ed1/charset_normalizer-3.0.1-cp38-cp38-musllinux_1_1_s390x.whl"
            },
            {
              "algorithm": "sha256",
              "hash": "3fc1c4a2ffd64890aebdb3f97e1278b0cc72579a08ca4de8cd2c04799a3a22be",
              "url": "https://files.pythonhosted.org/packages/f5/84/cac681144a28114bd9e40d3cdbfd961c14ecc2b56f1baec2094afd6744c7/charset_normalizer-3.0.1-cp39-cp39-macosx_11_0_arm64.whl"
            },
            {
              "algorithm": "sha256",
              "hash": "356541bf4381fa35856dafa6a965916e54bed415ad8a24ee6de6e37deccf2786",
              "url": "https://files.pythonhosted.org/packages/f5/ec/a9bed59079bd0267d34ada58a4048c96a59b3621e7f586ea85840d41831d/charset_normalizer-3.0.1-cp39-cp39-musllinux_1_1_x86_64.whl"
            }
          ],
          "project_name": "charset-normalizer",
          "requires_dists": [],
          "requires_python": null,
          "version": "3.0.1"
        },
        {
          "artifacts": [
            {
              "algorithm": "sha256",
              "hash": "90b77e79eaa3eba6de819a0c442c0b4ceefc341a7a2ab77d7562bf49f425c5c2",
              "url": "https://files.pythonhosted.org/packages/fc/34/3030de6f1370931b9dbb4dad48f6ab1015ab1d32447850b9fc94e60097be/idna-3.4-py3-none-any.whl"
            },
            {
              "algorithm": "sha256",
              "hash": "814f528e8dead7d329833b91c5faa87d60bf71824cd12a7530b5526063d02cb4",
              "url": "https://files.pythonhosted.org/packages/8b/e1/43beb3d38dba6cb420cefa297822eac205a277ab43e5ba5d5c46faf96438/idna-3.4.tar.gz"
            }
          ],
          "project_name": "idna",
          "requires_dists": [],
          "requires_python": ">=3.5",
          "version": "3.4"
        },
        {
          "artifacts": [
            {
              "algorithm": "sha256",
              "hash": "f9006288bcf4895917d02583cf3411f98631275bc67cce355a7f39f8c14338fa",
              "url": "https://files.pythonhosted.org/packages/96/d2/87a37d505439bb92dd516c882a701fcbcae0efd95d3f1900baef8d88de93/numpy-1.24.2-pp38-pypy38_pp73-manylinux_2_17_x86_64.manylinux2014_x86_64.whl"
            },
            {
              "algorithm": "sha256",
              "hash": "c72a6b2f4af1adfe193f7beb91ddf708ff867a3f977ef2ec53c0ffb8283ab9f5",
              "url": "https://files.pythonhosted.org/packages/28/e4/8acb46849784d2cefa383596299123d3f0330c627fa55c95bfd4a0ef5172/numpy-1.24.2-cp38-cp38-macosx_11_0_arm64.whl"
            },
            {
              "algorithm": "sha256",
              "hash": "6524630f71631be2dabe0c541e7675db82651eb998496bbe16bc4f77f0772253",
              "url": "https://files.pythonhosted.org/packages/34/dc/7470dde137734e311c5203d0a5854e03da12d7bef60784937efcbb1f8c08/numpy-1.24.2-cp310-cp310-manylinux_2_17_aarch64.manylinux2014_aarch64.whl"
            },
            {
              "algorithm": "sha256",
              "hash": "adbdce121896fd3a17a77ab0b0b5eedf05a9834a18699db6829a64e1dfccca7f",
              "url": "https://files.pythonhosted.org/packages/38/77/b0afa98a670cb255f15155a856ef257a82aa0b72e435f5f58da31d9dc944/numpy-1.24.2-cp39-cp39-macosx_11_0_arm64.whl"
            },
            {
              "algorithm": "sha256",
              "hash": "eef70b4fc1e872ebddc38cddacc87c19a3709c0e3e5d20bf3954c147b1dd941d",
              "url": "https://files.pythonhosted.org/packages/39/fd/217e9bf573f710827416e1e6f56a6355b90c2ce7fbf8b83d5729d5b2e0b6/numpy-1.24.2-cp310-cp310-macosx_10_9_x86_64.whl"
            },
            {
              "algorithm": "sha256",
              "hash": "c29e6bd0ec49a44d7690ecb623a8eac5ab8a923bce0bea6293953992edf3a76a",
              "url": "https://files.pythonhosted.org/packages/56/16/4a1ccd05d4f77f78f64cb9cb9f3121edeeebd23d9264b0dcb903889f9c1e/numpy-1.24.2-cp38-cp38-manylinux_2_17_aarch64.manylinux2014_aarch64.whl"
            },
            {
              "algorithm": "sha256",
              "hash": "e8d2859428712785e8a8b7d2b3ef0a1d1565892367b32f915c4a4df44d0e64f5",
              "url": "https://files.pythonhosted.org/packages/8e/32/2bd17fccc5decf3b904888f4f86b89e367a009273c665cbbbbfe515b43df/numpy-1.24.2-cp310-cp310-macosx_11_0_arm64.whl"
            },
            {
              "algorithm": "sha256",
              "hash": "2eabd64ddb96a1239791da78fa5f4e1693ae2dadc82a76bc76a14cbb2b966e96",
              "url": "https://files.pythonhosted.org/packages/9c/ee/77768cade9607687fadbcc1dcbb82dba0554154b3aa641f9c17233ffabe8/numpy-1.24.2-cp38-cp38-manylinux_2_17_x86_64.manylinux2014_x86_64.whl"
            },
            {
              "algorithm": "sha256",
              "hash": "889b2cc88b837d86eda1b17008ebeb679d82875022200c6e8e4ce6cf549b7acb",
              "url": "https://files.pythonhosted.org/packages/ba/2b/404f675b848033b23d688e5bdc55ec1d62b62f5568dda7f80edb147b637e/numpy-1.24.2-cp39-cp39-manylinux_2_17_aarch64.manylinux2014_aarch64.whl"
            },
            {
              "algorithm": "sha256",
              "hash": "a51725a815a6188c662fb66fb32077709a9ca38053f0274640293a14fdd22978",
              "url": "https://files.pythonhosted.org/packages/c5/21/275cfa7731ee2e121b1bf85ddb21b8712fe2f409f02a8b61521af6e4993d/numpy-1.24.2-cp310-cp310-manylinux_2_17_x86_64.manylinux2014_x86_64.whl"
            },
            {
              "algorithm": "sha256",
              "hash": "4199e7cfc307a778f72d293372736223e39ec9ac096ff0a2e64853b866a8e18a",
              "url": "https://files.pythonhosted.org/packages/ca/e0/f719500114ec3d291718ddbb1bfc3d1db7f9adb17b5c69aa617fe95c17fc/numpy-1.24.2-cp39-cp39-macosx_10_9_x86_64.whl"
            },
            {
              "algorithm": "sha256",
              "hash": "92011118955724465fb6853def593cf397b4a1367495e0b59a7e69d40c4eb71d",
              "url": "https://files.pythonhosted.org/packages/e3/83/1d6e5de945573bf865f05fd92144b4c08c895e4b23fcd9c5ee4955185333/numpy-1.24.2-pp38-pypy38_pp73-macosx_10_9_x86_64.whl"
            },
            {
              "algorithm": "sha256",
              "hash": "003a9f530e880cb2cd177cba1af7220b9aa42def9c4afc2a2fc3ee6be7eb2b22",
              "url": "https://files.pythonhosted.org/packages/e4/a9/6704bb5e1d1d778d3a6ee1278a8d8134f0db160e09d52863a24edb58eab5/numpy-1.24.2.tar.gz"
            },
            {
              "algorithm": "sha256",
              "hash": "f64bb98ac59b3ea3bf74b02f13836eb2e24e48e0ab0145bbda646295769bd780",
              "url": "https://files.pythonhosted.org/packages/f4/f4/45e6e3f7a23b9023554903a122c95585e9787f9403d386bafb7a95d24c9b/numpy-1.24.2-cp39-cp39-manylinux_2_17_x86_64.manylinux2014_x86_64.whl"
            },
            {
              "algorithm": "sha256",
              "hash": "d0a2db9d20117bf523dde15858398e7c0858aadca7c0f088ac0d6edd360e9ad2",
              "url": "https://files.pythonhosted.org/packages/ff/98/7b71cabcce208f8c67398e812068524e473a143342583d55955cbb92b463/numpy-1.24.2-cp38-cp38-macosx_10_9_x86_64.whl"
            }
          ],
          "project_name": "numpy",
          "requires_dists": [],
          "requires_python": ">=3.8",
          "version": "1.24.2"
        },
        {
          "artifacts": [
            {
              "algorithm": "sha256",
              "hash": "6e32af22e3202748bd233ed8f538741876191863882eba44e332d1a34993165b",
              "url": "https://files.pythonhosted.org/packages/c6/00/858e894a2127b3a1b5479812b1bd3669bca64175dff4fc7c778e0a6ee565/opencv_python-4.6.0.66-cp37-abi3-macosx_11_0_arm64.whl"
            },
            {
              "algorithm": "sha256",
              "hash": "5af8ba35a4fcb8913ffb86e92403e9a656a4bff4a645d196987468f0f8947875",
              "url": "https://files.pythonhosted.org/packages/12/5d/1527327b9f7ea13bef31377f8bf399f03dc5f4f1c9f1fb69bc56b6e24cd4/opencv_python-4.6.0.66-cp36-abi3-manylinux_2_17_aarch64.manylinux2014_aarch64.whl"
            },
            {
              "algorithm": "sha256",
              "hash": "c5bfae41ad4031e66bb10ec4a0a2ffd3e514d092652781e8b1ac98d1b59f1158",
              "url": "https://files.pythonhosted.org/packages/7a/1c/e57fe138615c29b8d1442009057dd420c58d4773cb16112e914c9e7b47d8/opencv-python-4.6.0.66.tar.gz"
            },
            {
              "algorithm": "sha256",
              "hash": "dbdc84a9b4ea2cbae33861652d25093944b9959279200b7ae0badd32439f74de",
              "url": "https://files.pythonhosted.org/packages/af/bf/8d189a5c43460f6b5c8eb81ead8732e94b9f73ef8d9abba9e8f5a61a6531/opencv_python-4.6.0.66-cp36-abi3-manylinux_2_17_x86_64.manylinux2014_x86_64.whl"
            },
            {
              "algorithm": "sha256",
              "hash": "e6e448b62afc95c5b58f97e87ef84699e6607fe5c58730a03301c52496005cae",
              "url": "https://files.pythonhosted.org/packages/bc/71/4575227302db0b95bbf635dd87f2c58339f84c6e63ade1afc7d332414da2/opencv_python-4.6.0.66-cp36-abi3-macosx_10_15_x86_64.whl"
            }
          ],
          "project_name": "opencv-python",
          "requires_dists": [
            "numpy>=1.13.3; python_version < \"3.7\"",
            "numpy>=1.14.5; python_version >= \"3.7\"",
            "numpy>=1.17.3; python_version >= \"3.8\"",
            "numpy>=1.19.3; python_version >= \"3.6\" and platform_system == \"Linux\" and platform_machine == \"aarch64\"",
            "numpy>=1.19.3; python_version >= \"3.9\"",
            "numpy>=1.21.2; python_version >= \"3.10\"",
            "numpy>=1.21.2; python_version >= \"3.6\" and platform_system == \"Darwin\" and platform_machine == \"arm64\""
          ],
          "requires_python": ">=3.6",
          "version": "4.6.0.66"
        },
        {
          "artifacts": [
            {
              "algorithm": "sha256",
              "hash": "7454314a529bba20e745928601ffeaf101c1b5aca9a6c4e48ad397803d10ea0c",
              "url": "https://files.pythonhosted.org/packages/45/ba/aa28ea42cbe8a133004f1cfe799bbd11d56f24c6fb588feea4d1dffeb148/python_engineio-4.3.4-py3-none-any.whl"
            },
            {
              "algorithm": "sha256",
              "hash": "d8d8b072799c36cadcdcc2b40d2a560ce09797ab3d2d596b2ad519a5e4df19ae",
              "url": "https://files.pythonhosted.org/packages/7e/ff/970c5d084f513fb38108cd7c90497489d7cff8666f9bfabae00a3f4e13d4/python-engineio-4.3.4.tar.gz"
            }
          ],
          "project_name": "python-engineio",
          "requires_dists": [
            "aiohttp>=3.4; extra == \"asyncio_client\"",
            "requests>=2.21.0; extra == \"client\"",
            "websocket-client>=0.54.0; extra == \"client\""
          ],
          "requires_python": ">=3.6",
          "version": "4.3.4"
        },
        {
          "artifacts": [
            {
              "algorithm": "sha256",
              "hash": "d9a9f047e6fdd306c852fbac36516f4b495c2096f8ad9ceb8803b8e5ff5622e3",
              "url": "https://files.pythonhosted.org/packages/5c/27/3a215e5fc16e371fa8e9bca75d37e120d05c8dd5030905b6657ae8c96d13/python_socketio-5.7.2-py3-none-any.whl"
            },
            {
              "algorithm": "sha256",
              "hash": "92395062d9db3c13d30e7cdedaa0e1330bba78505645db695415f9a3c628d097",
              "url": "https://files.pythonhosted.org/packages/ee/56/294629986bf6cea96e0edb3933a7f2fac7a079d12909e893903a2effc670/python-socketio-5.7.2.tar.gz"
            }
          ],
          "project_name": "python-socketio",
          "requires_dists": [
            "aiohttp>=3.4; extra == \"asyncio_client\"",
            "bidict>=0.21.0",
            "python-engineio>=4.3.0",
            "requests>=2.21.0; extra == \"client\"",
            "websocket-client>=0.54.0; extra == \"client\""
          ],
          "requires_python": ">=3.6",
          "version": "5.7.2"
        },
        {
          "artifacts": [
            {
              "algorithm": "sha256",
              "hash": "64299f4909223da747622c030b781c0d7811e359c37124b4bd368fb8c6518baa",
              "url": "https://files.pythonhosted.org/packages/d2/f4/274d1dbe96b41cf4e0efb70cbced278ffd61b5c7bb70338b62af94ccb25b/requests-2.28.2-py3-none-any.whl"
            },
            {
              "algorithm": "sha256",
              "hash": "98b1b2782e3c6c4904938b84c0eb932721069dfdb9134313beff7c83c2df24bf",
              "url": "https://files.pythonhosted.org/packages/9d/ee/391076f5937f0a8cdf5e53b701ffc91753e87b07d66bae4a09aa671897bf/requests-2.28.2.tar.gz"
            }
          ],
          "project_name": "requests",
          "requires_dists": [
            "PySocks!=1.5.7,>=1.5.6; extra == \"socks\"",
            "certifi>=2017.4.17",
            "chardet<6,>=3.0.2; extra == \"use_chardet_on_py3\"",
            "charset-normalizer<4,>=2",
            "idna<4,>=2.5",
            "urllib3<1.27,>=1.21.1"
          ],
          "requires_python": "<4,>=3.7",
          "version": "2.28.2"
        },
        {
          "artifacts": [
            {
              "algorithm": "sha256",
              "hash": "75edcdc2f7d85b137124a6c3c9fc3933cdeaa12ecb9a6a959f22797a0feca7e1",
              "url": "https://files.pythonhosted.org/packages/fe/ca/466766e20b767ddb9b951202542310cba37ea5f2d792dae7589f1741af58/urllib3-1.26.14-py2.py3-none-any.whl"
            },
            {
              "algorithm": "sha256",
              "hash": "076907bf8fd355cde77728471316625a4d2f7e713c125f51953bb5b3eecf4f72",
              "url": "https://files.pythonhosted.org/packages/c5/52/fe421fb7364aa738b3506a2d99e4f3a56e079c0a798e9f4fa5e14c60922f/urllib3-1.26.14.tar.gz"
            }
          ],
          "project_name": "urllib3",
          "requires_dists": [
            "PySocks!=1.5.7,<2.0,>=1.5.6; extra == \"socks\"",
            "brotli>=1.0.9; ((os_name != \"nt\" or python_version >= \"3\") and platform_python_implementation == \"CPython\") and extra == \"brotli\"",
            "brotlicffi>=0.8.0; ((os_name != \"nt\" or python_version >= \"3\") and platform_python_implementation != \"CPython\") and extra == \"brotli\"",
            "brotlipy>=0.6.0; (os_name == \"nt\" and python_version < \"3\") and extra == \"brotli\"",
            "certifi; extra == \"secure\"",
            "cryptography>=1.3.4; extra == \"secure\"",
            "idna>=2.0.0; extra == \"secure\"",
            "ipaddress; python_version == \"2.7\" and extra == \"secure\"",
            "pyOpenSSL>=0.14; extra == \"secure\"",
            "urllib3-secure-extra; extra == \"secure\""
          ],
          "requires_python": "!=3.0.*,!=3.1.*,!=3.2.*,!=3.3.*,!=3.4.*,!=3.5.*,>=2.7",
          "version": "1.26.14"
        },
        {
          "artifacts": [
            {
              "algorithm": "sha256",
              "hash": "cdf5877568b7e83aa7cf2244ab56a3213de587bbe0ce9d8b9600fc77b455d89e",
              "url": "https://files.pythonhosted.org/packages/6d/9a/6c793729c9d48fcca155ce55e4dfafacffb7fb52a62e3ae2198846c31af6/websocket_client-1.5.1-py3-none-any.whl"
            },
            {
              "algorithm": "sha256",
              "hash": "3f09e6d8230892547132177f575a4e3e73cfdf06526e20cc02aa1c3b47184d40",
              "url": "https://files.pythonhosted.org/packages/8b/94/696484b0c13234c91b316bc3d82d432f9b589a9ef09d016875a31c670b76/websocket-client-1.5.1.tar.gz"
            }
          ],
          "project_name": "websocket-client",
          "requires_dists": [
            "Sphinx>=3.4; extra == \"docs\"",
            "python-socks; extra == \"optional\"",
            "sphinx-rtd-theme>=0.5; extra == \"docs\"",
            "websockets; extra == \"test\"",
            "wsaccel; extra == \"optional\""
          ],
          "requires_python": ">=3.7",
          "version": "1.5.1"
        }
      ],
      "platform_tag": null
    }
  ],
  "path_mappings": {},
  "pex_version": "2.1.108",
  "pip_version": "20.3.4-patched",
  "prefer_older_binary": false,
  "requirements": [
    "numpy~=1.24.2",
    "opencv-python~=4.6.0.66",
    "python-socketio~=5.7.2",
    "requests~=2.28.2",
    "websocket-client~=1.5.1"
  ],
  "requires_python": [
    "<3.11,>=3.8"
  ],
  "resolver_version": "pip-2020-resolver",
  "style": "universal",
  "target_systems": [
    "linux",
    "mac"
  ],
  "transitive": true,
  "use_pep517": null
}
