// This lockfile was autogenerated by Pants. To regenerate, run:
//
//    ./pants generate-lockfiles --resolve=python-default
//
// --- BEGIN PANTS LOCKFILE METADATA: DO NOT EDIT OR REMOVE ---
// {
//   "version": 3,
//   "valid_for_interpreter_constraints": [
//     "CPython<3.11,>=3.8"
//   ],
//   "generated_with_requirements": [
//     "numpy~=1.24.2",
//     "opencv-python~=4.6.0.37",
//     "python-socketio~=5.8.0",
//     "requests~=2.28.2",
//     "websocket-client~=1.5.1"
//   ],
//   "manylinux": "manylinux2014",
//   "requirement_constraints": [],
//   "only_binary": [],
//   "no_binary": []
// }
// --- END PANTS LOCKFILE METADATA ---

{
  "allow_builds": true,
  "allow_prereleases": false,
  "allow_wheels": true,
  "build_isolation": true,
  "constraints": [],
  "locked_resolves": [
    {
      "locked_requirements": [
        {
          "artifacts": [
            {
              "algorithm": "sha256",
              "hash": "6ef212238eb884b664f28da76f33f1d28b260f665fc737b413b287d5487d1e7b",
              "url": "https://files.pythonhosted.org/packages/b5/82/ce0b6380f35f49d3fe687979a324c342cfa3588380232f3801db9dd62f9e/bidict-0.22.1-py3-none-any.whl"
            },
            {
              "algorithm": "sha256",
              "hash": "1e0f7f74e4860e6d0943a05d4134c63a2fad86f3d4732fb265bd79e4e856d81d",
              "url": "https://files.pythonhosted.org/packages/f2/be/b31e6ea9c94096a323e7a0e2c61480db01f07610bb7e7ea72a06fd1a23a8/bidict-0.22.1.tar.gz"
            }
          ],
          "project_name": "bidict",
          "requires_dists": [
            "furo; extra == \"docs\"",
            "hypothesis; extra == \"test\"",
            "pre-commit; extra == \"lint\"",
            "pytest-benchmark[histogram]; extra == \"test\"",
            "pytest-cov; extra == \"test\"",
            "pytest-xdist; extra == \"test\"",
            "pytest; extra == \"test\"",
            "sortedcollections; extra == \"test\"",
            "sortedcontainers; extra == \"test\"",
            "sphinx-copybutton; extra == \"docs\"",
            "sphinx; extra == \"docs\"",
            "sphinx; extra == \"test\""
          ],
          "requires_python": ">=3.7",
          "version": "0.22.1"
        },
        {
          "artifacts": [
            {
              "algorithm": "sha256",
              "hash": "c6c2e98f5c7869efca1f8916fed228dd91539f9f1b444c314c06eef02980c716",
              "url": "https://files.pythonhosted.org/packages/9d/19/59961b522e6757f0c9097e4493fa906031b95b3ebe9360b2c3083561a6b4/certifi-2023.5.7-py3-none-any.whl"
            },
            {
              "algorithm": "sha256",
              "hash": "0f0d56dc5a6ad56fd4ba36484d6cc34451e1c6548c61daad8c320169f91eddc7",
              "url": "https://files.pythonhosted.org/packages/93/71/752f7a4dd4c20d6b12341ed1732368546bc0ca9866139fe812f6009d9ac7/certifi-2023.5.7.tar.gz"
            }
          ],
          "project_name": "certifi",
          "requires_dists": [],
          "requires_python": ">=3.6",
          "version": "2023.5.7"
        },
        {
          "artifacts": [
            {
              "algorithm": "sha256",
              "hash": "3d9098b479e78c85080c98e1e35ff40b4a31d8953102bb0fd7d1b6f8a2111a3d",
              "url": "https://files.pythonhosted.org/packages/ef/81/14b3b8f01ddaddad6cdec97f2f599aa2fa466bd5ee9af99b08b7713ccd29/charset_normalizer-3.1.0-py3-none-any.whl"
            },
            {
              "algorithm": "sha256",
              "hash": "3573d376454d956553c356df45bb824262c397c6e26ce43e8203c4c540ee0acb",
              "url": "https://files.pythonhosted.org/packages/01/c7/0407de35b70525dba2a58a2724a525cf882ee76c3d2171d834463c5d2881/charset_normalizer-3.1.0-cp38-cp38-manylinux_2_17_aarch64.manylinux2014_aarch64.whl"
            },
            {
              "algorithm": "sha256",
              "hash": "38e812a197bf8e71a59fe55b757a84c1f946d0ac114acafaafaf21667a7e169e",
              "url": "https://files.pythonhosted.org/packages/12/68/4812f9b05ac0a2b7619ac3dd7d7e3fc52c12006b84617021c615fc2fcf42/charset_normalizer-3.1.0-cp39-cp39-macosx_10_9_universal2.whl"
            },
            {
              "algorithm": "sha256",
              "hash": "f645caaf0008bacf349875a974220f1f1da349c5dbe7c4ec93048cdc785a3326",
              "url": "https://files.pythonhosted.org/packages/13/b7/21729a6d512246aa0bb872b90aea0d9fcd1b293762cdb1d1d33c01140074/charset_normalizer-3.1.0-cp38-cp38-musllinux_1_1_aarch64.whl"
            },
            {
              "algorithm": "sha256",
              "hash": "10c93628d7497c81686e8e5e557aafa78f230cd9e77dd0c40032ef90c18f2230",
              "url": "https://files.pythonhosted.org/packages/1c/9b/de2adc43345623da8e7c958719528a42b6d87d2601017ce1187d43b8a2d7/charset_normalizer-3.1.0-cp39-cp39-musllinux_1_1_i686.whl"
            },
            {
              "algorithm": "sha256",
              "hash": "d16fd5252f883eb074ca55cb622bc0bee49b979ae4e8639fff6ca3ff44f9f854",
              "url": "https://files.pythonhosted.org/packages/1f/be/c6c76cf8fcf6918922223203c83ba8192eff1c6a709e8cfec7f5ca3e7d2d/charset_normalizer-3.1.0-cp39-cp39-manylinux_2_17_s390x.manylinux2014_s390x.whl"
            },
            {
              "algorithm": "sha256",
              "hash": "b06f0d3bf045158d2fb8837c5785fe9ff9b8c93358be64461a1089f5da983137",
              "url": "https://files.pythonhosted.org/packages/23/13/cf5d7bb5bc95f120df64d6c470581189df51d7f011560b2a06a395b7a120/charset_normalizer-3.1.0-cp310-cp310-musllinux_1_1_ppc64le.whl"
            },
            {
              "algorithm": "sha256",
              "hash": "1c60b9c202d00052183c9be85e5eaf18a4ada0a47d188a83c8f5c5b23252f649",
              "url": "https://files.pythonhosted.org/packages/2c/2f/ec805104098085728b7cb610deede7195c6fa59f51942422f02cc427b6f6/charset_normalizer-3.1.0-cp38-cp38-manylinux_2_5_i686.manylinux1_i686.manylinux_2_17_i686.manylinux2014_i686.whl"
            },
            {
              "algorithm": "sha256",
              "hash": "80d1543d58bd3d6c271b66abf454d437a438dff01c3e62fdbcd68f2a11310d4b",
              "url": "https://files.pythonhosted.org/packages/31/8b/81c3515a69d06b501fcce69506af57a7a19bd9f42cabd1a667b1b40f2c55/charset_normalizer-3.1.0-cp38-cp38-musllinux_1_1_ppc64le.whl"
            },
            {
              "algorithm": "sha256",
              "hash": "ea9f9c6034ea2d93d9147818f17c2a0860d41b71c38b9ce4d55f21b6f9165a11",
              "url": "https://files.pythonhosted.org/packages/33/10/c87ba15f779f8251ae55fa147631339cd91e7af51c3c133d2687c6e41800/charset_normalizer-3.1.0-cp38-cp38-musllinux_1_1_i686.whl"
            },
            {
              "algorithm": "sha256",
              "hash": "21fa558996782fc226b529fdd2ed7866c2c6ec91cee82735c98a197fae39f706",
              "url": "https://files.pythonhosted.org/packages/33/97/9967fb2d364a9da38557e4af323abcd58cc05bdd8f77e9fd5ae4882772cc/charset_normalizer-3.1.0-cp39-cp39-manylinux_2_17_x86_64.manylinux2014_x86_64.whl"
            },
            {
              "algorithm": "sha256",
              "hash": "b116502087ce8a6b7a5f1814568ccbd0e9f6cfd99948aa59b0e241dc57cf739f",
              "url": "https://files.pythonhosted.org/packages/45/3d/fa2683f5604f99fba5098a7313e5d4846baaecbee754faf115907f21a85f/charset_normalizer-3.1.0-cp39-cp39-manylinux_2_17_ppc64le.manylinux2014_ppc64le.whl"
            },
            {
              "algorithm": "sha256",
              "hash": "ac3775e3311661d4adace3697a52ac0bab17edd166087d493b52d4f4f553f9f0",
              "url": "https://files.pythonhosted.org/packages/4e/11/f7077d78b18aca8ea3186a706c0221aa2bc34c442a3d3bdf3ad401a29052/charset_normalizer-3.1.0-cp39-cp39-musllinux_1_1_aarch64.whl"
            },
            {
              "algorithm": "sha256",
              "hash": "6f4f4668e1831850ebcc2fd0b1cd11721947b6dc7c00bf1c6bd3c929ae14f2c7",
              "url": "https://files.pythonhosted.org/packages/4f/7c/af43743567a7da2a069b4f9fa31874c3c02b963cd1fb84fe1e7568a567e6/charset_normalizer-3.1.0-cp39-cp39-musllinux_1_1_ppc64le.whl"
            },
            {
              "algorithm": "sha256",
              "hash": "e0ac8959c929593fee38da1c2b64ee9778733cdf03c482c9ff1d508b6b593b2b",
              "url": "https://files.pythonhosted.org/packages/4f/a2/9031ba4a008e11a21d7b7aa41751290d2f2035a2f14ecb6e589771a17c47/charset_normalizer-3.1.0-cp310-cp310-macosx_10_9_universal2.whl"
            },
            {
              "algorithm": "sha256",
              "hash": "e89df2958e5159b811af9ff0f92614dabf4ff617c03a4c1c6ff53bf1c399e0e1",
              "url": "https://files.pythonhosted.org/packages/67/30/dbab1fe5ab2ce5d3d517ad9936170d896e9687f3860a092519f1fe359812/charset_normalizer-3.1.0-cp38-cp38-manylinux_2_17_ppc64le.manylinux2014_ppc64le.whl"
            },
            {
              "algorithm": "sha256",
              "hash": "d7fc3fca01da18fbabe4625d64bb612b533533ed10045a2ac3dd194bfa656b60",
              "url": "https://files.pythonhosted.org/packages/67/df/660e9665ace7ad711e275194a86cb757fb4d4e513fae5ff3d39573db4984/charset_normalizer-3.1.0-cp310-cp310-macosx_10_9_x86_64.whl"
            },
            {
              "algorithm": "sha256",
              "hash": "73dc03a6a7e30b7edc5b01b601e53e7fc924b04e1835e8e407c12c037e81adbd",
              "url": "https://files.pythonhosted.org/packages/68/77/af702eba147ba963b27eb00832cef6b8c4cb9fcf7404a476993876434b93/charset_normalizer-3.1.0-cp38-cp38-musllinux_1_1_s390x.whl"
            },
            {
              "algorithm": "sha256",
              "hash": "1435ae15108b1cb6fffbcea2af3d468683b7afed0169ad718451f8db5d1aff6f",
              "url": "https://files.pythonhosted.org/packages/69/22/66351781e668158feef71c5e3b059a79ecc9efc3ef84a45888b0f3a933d5/charset_normalizer-3.1.0-cp310-cp310-manylinux_2_17_ppc64le.manylinux2014_ppc64le.whl"
            },
            {
              "algorithm": "sha256",
              "hash": "20064ead0717cf9a73a6d1e779b23d149b53daf971169289ed2ed43a71e8d3b0",
              "url": "https://files.pythonhosted.org/packages/6d/59/59a3f4d8a59ee270da77f9e954a0e284c9d6884d39ec69d696d9aa5ff2f2/charset_normalizer-3.1.0-cp310-cp310-manylinux_2_17_aarch64.manylinux2014_aarch64.whl"
            },
            {
              "algorithm": "sha256",
              "hash": "c84132a54c750fda57729d1e2599bb598f5fa0344085dbde5003ba429a4798c0",
              "url": "https://files.pythonhosted.org/packages/72/90/667a6bc6abe42fc10adf4cd2c1e1c399d78e653dbac4c8018350843d4ab7/charset_normalizer-3.1.0-cp310-cp310-manylinux_2_17_s390x.manylinux2014_s390x.whl"
            },
            {
              "algorithm": "sha256",
              "hash": "de5695a6f1d8340b12a5d6d4484290ee74d61e467c39ff03b39e30df62cf83a0",
              "url": "https://files.pythonhosted.org/packages/74/5f/361202de730532028458b729781b8435f320e31a622c27f30e25eec80513/charset_normalizer-3.1.0-cp38-cp38-manylinux_2_17_x86_64.manylinux2014_x86_64.whl"
            },
            {
              "algorithm": "sha256",
              "hash": "49919f8400b5e49e961f320c735388ee686a62327e773fa5b3ce6721f7e785ce",
              "url": "https://files.pythonhosted.org/packages/74/f1/d0b8385b574f7e086fb6709e104b696707bd3742d54a6caf0cebbb7e975b/charset_normalizer-3.1.0-cp310-cp310-musllinux_1_1_s390x.whl"
            },
            {
              "algorithm": "sha256",
              "hash": "6f6c7a8a57e9405cad7485f4c9d3172ae486cfef1344b5ddd8e5239582d7355e",
              "url": "https://files.pythonhosted.org/packages/94/70/23981e7bf098efbc4037e7c66d28a10e950d9296c08c6dea8ef290f9c79e/charset_normalizer-3.1.0-cp39-cp39-manylinux_2_5_i686.manylinux1_i686.manylinux_2_17_i686.manylinux2014_i686.whl"
            },
            {
              "algorithm": "sha256",
              "hash": "0be65ccf618c1e7ac9b849c315cc2e8a8751d9cfdaa43027d4f6624bd587ab7e",
              "url": "https://files.pythonhosted.org/packages/a2/6c/5167f08da5298f383036c33cb749ab5b3405fd07853edc8314c6882c01b8/charset_normalizer-3.1.0-cp39-cp39-musllinux_1_1_s390x.whl"
            },
            {
              "algorithm": "sha256",
              "hash": "53d0a3fa5f8af98a1e261de6a3943ca631c526635eb5817a87a59d9a57ebf48f",
              "url": "https://files.pythonhosted.org/packages/a9/83/138d2624fdbcb62b7e14715eb721d44347e41a1b4c16544661e940793f49/charset_normalizer-3.1.0-cp39-cp39-musllinux_1_1_x86_64.whl"
            },
            {
              "algorithm": "sha256",
              "hash": "8f25e17ab3039b05f762b0a55ae0b3632b2e073d9c8fc88e89aca31a6198e88f",
              "url": "https://files.pythonhosted.org/packages/ac/7f/62d5dff4e9cb993e4b0d4ea78a74cc84d7d92120879529e0ce0965765936/charset_normalizer-3.1.0-cp39-cp39-macosx_11_0_arm64.whl"
            },
            {
              "algorithm": "sha256",
              "hash": "3a06f32c9634a8705f4ca9946d667609f52cf130d5548881401f1eb2c39b1e2c",
              "url": "https://files.pythonhosted.org/packages/ac/c5/990bc41a98b7fa2677c665737fdf278bb74ad4b199c56b6b564b3d4cbfc5/charset_normalizer-3.1.0-cp38-cp38-macosx_10_9_x86_64.whl"
            },
            {
              "algorithm": "sha256",
              "hash": "6f5c2e7bc8a4bf7c426599765b1bd33217ec84023033672c1e9a8b35eaeaaaf8",
              "url": "https://files.pythonhosted.org/packages/b0/55/d8ef4c8c7d2a8b3a16e7d9b03c59475c2ee96a0e0c90b14c99faaac0ee3b/charset_normalizer-3.1.0-cp38-cp38-musllinux_1_1_x86_64.whl"
            },
            {
              "algorithm": "sha256",
              "hash": "11d3bcb7be35e7b1bba2c23beedac81ee893ac9871d0ba79effc7fc01167db6c",
              "url": "https://files.pythonhosted.org/packages/bb/dc/58fdef3ab85e8e7953a8b89ef1d2c06938b8ad88d9617f22967e1a90e6b8/charset_normalizer-3.1.0-cp310-cp310-manylinux_2_5_i686.manylinux1_i686.manylinux_2_17_i686.manylinux2014_i686.whl"
            },
            {
              "algorithm": "sha256",
              "hash": "891cf9b48776b5c61c700b55a598621fdb7b1e301a550365571e9624f270c203",
              "url": "https://files.pythonhosted.org/packages/c2/35/dfb4032f5712747d3dcfdd19d0768f6d8f60910ae24ed066ecbf442be013/charset_normalizer-3.1.0-cp310-cp310-musllinux_1_1_aarch64.whl"
            },
            {
              "algorithm": "sha256",
              "hash": "04eefcee095f58eaabe6dc3cc2262f3bcd776d2c67005880894f447b3f2cb9c1",
              "url": "https://files.pythonhosted.org/packages/c6/ab/43ea052756b2f2dcb6a131897811c0e2704b0288f090336217d3346cd682/charset_normalizer-3.1.0-cp310-cp310-macosx_11_0_arm64.whl"
            },
            {
              "algorithm": "sha256",
              "hash": "75f2568b4189dda1c567339b48cba4ac7384accb9c2a7ed655cd86b04055c795",
              "url": "https://files.pythonhosted.org/packages/cc/f6/21a66e524658bd1dd7b89ac9d1ee8f7823f2d9701a2fbc458ab9ede53c63/charset_normalizer-3.1.0-cp310-cp310-manylinux_2_17_x86_64.manylinux2014_x86_64.whl"
            },
            {
              "algorithm": "sha256",
              "hash": "6baf0baf0d5d265fa7944feb9f7451cc316bfe30e8df1a61b1bb08577c554f31",
              "url": "https://files.pythonhosted.org/packages/d5/92/86c0f0e66e897f6818c46dadef328a5b345d061688f9960fc6ca1fd03dbe/charset_normalizer-3.1.0-cp39-cp39-macosx_10_9_x86_64.whl"
            },
            {
              "algorithm": "sha256",
              "hash": "7381c66e0561c5757ffe616af869b916c8b4e42b367ab29fedc98481d1e74e14",
              "url": "https://files.pythonhosted.org/packages/d8/ca/a7ff600781bf1e5f702ba26bb82f2ba1d3a873a3f8ad73cc44c79dfaefa9/charset_normalizer-3.1.0-cp38-cp38-macosx_11_0_arm64.whl"
            },
            {
              "algorithm": "sha256",
              "hash": "e633940f28c1e913615fd624fcdd72fdba807bf53ea6925d6a588e84e1151531",
              "url": "https://files.pythonhosted.org/packages/ea/38/d31c7906c4be13060c1a5034087966774ef33ab57ff2eee76d71265173c3/charset_normalizer-3.1.0-cp38-cp38-macosx_10_9_universal2.whl"
            },
            {
              "algorithm": "sha256",
              "hash": "5f008525e02908b20e04707a4f704cd286d94718f48bb33edddc7d7b584dddc1",
              "url": "https://files.pythonhosted.org/packages/f2/d7/6ee92c11eda3f3c9cac1e059901092bfdf07388be7d2e60ac627527eee62/charset_normalizer-3.1.0-cp310-cp310-musllinux_1_1_i686.whl"
            },
            {
              "algorithm": "sha256",
              "hash": "22908891a380d50738e1f978667536f6c6b526a2064156203d418f4856d6e86a",
              "url": "https://files.pythonhosted.org/packages/f4/0a/8c03913ed1eca9d831db0c28759edb6ce87af22bb55dbc005a52525a75b6/charset_normalizer-3.1.0-cp310-cp310-musllinux_1_1_x86_64.whl"
            },
            {
              "algorithm": "sha256",
              "hash": "3747443b6a904001473370d7810aa19c3a180ccd52a7157aacc264a5ac79265e",
              "url": "https://files.pythonhosted.org/packages/f6/0f/de1c4030fd669e6719277043e3b0f152a83c118dd1020cf85b51d443d04a/charset_normalizer-3.1.0-cp39-cp39-manylinux_2_17_aarch64.manylinux2014_aarch64.whl"
            },
            {
              "algorithm": "sha256",
              "hash": "78cacd03e79d009d95635e7d6ff12c21eb89b894c354bd2b2ed0b4763373693b",
              "url": "https://files.pythonhosted.org/packages/f8/ed/500609cb2457b002242b090c814549997424d72690ef3058cfdfca91f68b/charset_normalizer-3.1.0-cp38-cp38-manylinux_2_17_s390x.manylinux2014_s390x.whl"
            },
            {
              "algorithm": "sha256",
              "hash": "34e0a2f9c370eb95597aae63bf85eb5e96826d81e3dcf88b8886012906f509b5",
              "url": "https://files.pythonhosted.org/packages/ff/d7/8d757f8bd45be079d76309248845a04f09619a7b17d6dfc8c9ff6433cac2/charset-normalizer-3.1.0.tar.gz"
            }
          ],
          "project_name": "charset-normalizer",
          "requires_dists": [],
          "requires_python": ">=3.7.0",
          "version": "3.1"
        },
        {
          "artifacts": [
            {
              "algorithm": "sha256",
              "hash": "90b77e79eaa3eba6de819a0c442c0b4ceefc341a7a2ab77d7562bf49f425c5c2",
              "url": "https://files.pythonhosted.org/packages/fc/34/3030de6f1370931b9dbb4dad48f6ab1015ab1d32447850b9fc94e60097be/idna-3.4-py3-none-any.whl"
            },
            {
              "algorithm": "sha256",
              "hash": "814f528e8dead7d329833b91c5faa87d60bf71824cd12a7530b5526063d02cb4",
              "url": "https://files.pythonhosted.org/packages/8b/e1/43beb3d38dba6cb420cefa297822eac205a277ab43e5ba5d5c46faf96438/idna-3.4.tar.gz"
            }
          ],
          "project_name": "idna",
          "requires_dists": [],
          "requires_python": ">=3.5",
          "version": "3.4"
        },
        {
          "artifacts": [
            {
              "algorithm": "sha256",
              "hash": "1a7d6acc2e7524c9955e5c903160aa4ea083736fde7e91276b0e5d98e6332812",
              "url": "https://files.pythonhosted.org/packages/eb/10/2c3c672034d860bcca50b65d656e24c4e2ace9fb452fdd81da78cb7418a1/numpy-1.24.3-pp38-pypy38_pp73-manylinux_2_17_x86_64.manylinux2014_x86_64.whl"
            },
            {
              "algorithm": "sha256",
              "hash": "4719d5aefb5189f50887773699eaf94e7d1e02bf36c1a9d353d9f46703758ca4",
              "url": "https://files.pythonhosted.org/packages/0d/43/643629a4a278b4815541c7d69856c07ddb0e99bdc62b43538d3751eae2d8/numpy-1.24.3-cp39-cp39-macosx_10_9_x86_64.whl"
            },
            {
              "algorithm": "sha256",
              "hash": "ab344f1bf21f140adab8e47fdbc7c35a477dc01408791f8ba00d018dd0bc5155",
              "url": "https://files.pythonhosted.org/packages/2c/d4/590ae7df5044465cc9fa2db152ae12468694d62d952b1528ecff328ef7fc/numpy-1.24.3.tar.gz"
            },
            {
              "algorithm": "sha256",
              "hash": "0ec87a7084caa559c36e0a2309e4ecb1baa03b687201d0a847c8b0ed476a7187",
              "url": "https://files.pythonhosted.org/packages/54/41/fb17c1d48a574c50422ff3f1b17ed979b755adc6ed291c4a44a76e226c67/numpy-1.24.3-cp39-cp39-macosx_11_0_arm64.whl"
            },
            {
              "algorithm": "sha256",
              "hash": "352ee00c7f8387b44d19f4cada524586f07379c0d49270f87233983bc5087ca0",
              "url": "https://files.pythonhosted.org/packages/5a/ab/d0eff89e0c05cc86fa7955c5e54e8ed0957a8a97a2516384b9ffd82008cc/numpy-1.24.3-pp38-pypy38_pp73-macosx_10_9_x86_64.whl"
            },
            {
              "algorithm": "sha256",
              "hash": "8535303847b89aa6b0f00aa1dc62867b5a32923e4d1681a35b5eef2d9591a463",
              "url": "https://files.pythonhosted.org/packages/62/e4/cd77d5f3d02c30d9ca8f2995df3cb3974c75cf1cc777fad445753475c4e4/numpy-1.24.3-cp310-cp310-manylinux_2_17_aarch64.manylinux2014_aarch64.whl"
            },
            {
              "algorithm": "sha256",
              "hash": "2d926b52ba1367f9acb76b0df6ed21f0b16a1ad87c6720a1121674e5cf63e2b6",
              "url": "https://files.pythonhosted.org/packages/6f/72/38f9a536bdb5bfb1682f2520f133ec6e08dde8bcca1f632e347641d90763/numpy-1.24.3-cp310-cp310-manylinux_2_17_x86_64.manylinux2014_x86_64.whl"
            },
            {
              "algorithm": "sha256",
              "hash": "7776ea65423ca6a15255ba1872d82d207bd1e09f6d0894ee4a64678dd2204078",
              "url": "https://files.pythonhosted.org/packages/79/4a/63a79242763edde0b5025d104cc2b78c44d89310b1bbc9b0f64a96b72ea0/numpy-1.24.3-cp38-cp38-macosx_10_9_x86_64.whl"
            },
            {
              "algorithm": "sha256",
              "hash": "210461d87fb02a84ef243cac5e814aad2b7f4be953b32cb53327bb49fd77fbb4",
              "url": "https://files.pythonhosted.org/packages/83/be/de078ac5e4ff572b1bdac1808b77cea2013b2c6286282f89b1de3e951273/numpy-1.24.3-cp39-cp39-manylinux_2_17_x86_64.manylinux2014_x86_64.whl"
            },
            {
              "algorithm": "sha256",
              "hash": "4749e053a29364d3452c034827102ee100986903263e89884922ef01a0a6fd2f",
              "url": "https://files.pythonhosted.org/packages/8b/d9/814a619ab84d8eb0d95e08d4c723e665f1e694b5a6068ca505a61bdc3745/numpy-1.24.3-cp38-cp38-manylinux_2_17_x86_64.manylinux2014_x86_64.whl"
            },
            {
              "algorithm": "sha256",
              "hash": "ea8282b9bcfe2b5e7d491d0bf7f3e2da29700cec05b49e64d6246923329f2b02",
              "url": "https://files.pythonhosted.org/packages/96/92/2a8c1356e226311cf885e04eff576df8c357b2626c47c9283024bc24e01e/numpy-1.24.3-cp39-cp39-manylinux_2_17_aarch64.manylinux2014_aarch64.whl"
            },
            {
              "algorithm": "sha256",
              "hash": "ecde0f8adef7dfdec993fd54b0f78183051b6580f606111a6d789cd14c61ea0c",
              "url": "https://files.pythonhosted.org/packages/a7/fe/72493149c65dcd39d8c8dc09870e242bd689d1db2bde3ec479807bf0d414/numpy-1.24.3-cp38-cp38-manylinux_2_17_aarch64.manylinux2014_aarch64.whl"
            },
            {
              "algorithm": "sha256",
              "hash": "ae8d0be48d1b6ed82588934aaaa179875e7dc4f3d84da18d7eae6eb3f06c242c",
              "url": "https://files.pythonhosted.org/packages/ca/13/c5bc0100b425f007412c3ba5d71e5ae9c08260fecbffd620764a9df1f4de/numpy-1.24.3-cp38-cp38-macosx_11_0_arm64.whl"
            },
            {
              "algorithm": "sha256",
              "hash": "3c1104d3c036fb81ab923f507536daedc718d0ad5a8707c6061cdfd6d184e570",
              "url": "https://files.pythonhosted.org/packages/f3/23/7cc851bae09cf4db90d42a701dfe525780883ada86bece45e3da7a07e76b/numpy-1.24.3-cp310-cp310-macosx_10_9_x86_64.whl"
            },
            {
              "algorithm": "sha256",
              "hash": "202de8f38fc4a45a3eea4b63e2f376e5f2dc64ef0fa692838e31a808520efaf7",
              "url": "https://files.pythonhosted.org/packages/fa/7d/8dfb40eecbb6bc83ca00ef979f5cdeca5909a250cb8b642dcf1fbd34c078/numpy-1.24.3-cp310-cp310-macosx_11_0_arm64.whl"
            }
          ],
          "project_name": "numpy",
          "requires_dists": [],
          "requires_python": ">=3.8",
          "version": "1.24.3"
        },
        {
          "artifacts": [
            {
              "algorithm": "sha256",
              "hash": "6e32af22e3202748bd233ed8f538741876191863882eba44e332d1a34993165b",
              "url": "https://files.pythonhosted.org/packages/c6/00/858e894a2127b3a1b5479812b1bd3669bca64175dff4fc7c778e0a6ee565/opencv_python-4.6.0.66-cp37-abi3-macosx_11_0_arm64.whl"
            },
            {
              "algorithm": "sha256",
              "hash": "5af8ba35a4fcb8913ffb86e92403e9a656a4bff4a645d196987468f0f8947875",
              "url": "https://files.pythonhosted.org/packages/12/5d/1527327b9f7ea13bef31377f8bf399f03dc5f4f1c9f1fb69bc56b6e24cd4/opencv_python-4.6.0.66-cp36-abi3-manylinux_2_17_aarch64.manylinux2014_aarch64.whl"
            },
            {
              "algorithm": "sha256",
              "hash": "c5bfae41ad4031e66bb10ec4a0a2ffd3e514d092652781e8b1ac98d1b59f1158",
              "url": "https://files.pythonhosted.org/packages/7a/1c/e57fe138615c29b8d1442009057dd420c58d4773cb16112e914c9e7b47d8/opencv-python-4.6.0.66.tar.gz"
            },
            {
              "algorithm": "sha256",
              "hash": "dbdc84a9b4ea2cbae33861652d25093944b9959279200b7ae0badd32439f74de",
              "url": "https://files.pythonhosted.org/packages/af/bf/8d189a5c43460f6b5c8eb81ead8732e94b9f73ef8d9abba9e8f5a61a6531/opencv_python-4.6.0.66-cp36-abi3-manylinux_2_17_x86_64.manylinux2014_x86_64.whl"
            },
            {
              "algorithm": "sha256",
              "hash": "e6e448b62afc95c5b58f97e87ef84699e6607fe5c58730a03301c52496005cae",
              "url": "https://files.pythonhosted.org/packages/bc/71/4575227302db0b95bbf635dd87f2c58339f84c6e63ade1afc7d332414da2/opencv_python-4.6.0.66-cp36-abi3-macosx_10_15_x86_64.whl"
            }
          ],
          "project_name": "opencv-python",
          "requires_dists": [
            "numpy>=1.13.3; python_version < \"3.7\"",
            "numpy>=1.14.5; python_version >= \"3.7\"",
            "numpy>=1.17.3; python_version >= \"3.8\"",
            "numpy>=1.19.3; python_version >= \"3.6\" and platform_system == \"Linux\" and platform_machine == \"aarch64\"",
            "numpy>=1.19.3; python_version >= \"3.9\"",
            "numpy>=1.21.2; python_version >= \"3.10\"",
            "numpy>=1.21.2; python_version >= \"3.6\" and platform_system == \"Darwin\" and platform_machine == \"arm64\""
          ],
          "requires_python": ">=3.6",
          "version": "4.6.0.66"
        },
        {
          "artifacts": [
            {
              "algorithm": "sha256",
              "hash": "28ab67f94cba2e5f598cbb04428138fd6bb8b06d3478c939412da445f24f0773",
              "url": "https://files.pythonhosted.org/packages/33/e9/ed521d6abdf5372aa052f4749dc5bd5dcdbd2c132c81334bf0693f4d4269/python_engineio-4.4.1-py3-none-any.whl"
            },
            {
              "algorithm": "sha256",
              "hash": "eb3663ecb300195926b526386f712dff84cd092c818fb7b62eeeda9160120c29",
              "url": "https://files.pythonhosted.org/packages/51/75/8cf328625b42ce537503fa6a22036e05d3513245c96059360750a4349f32/python-engineio-4.4.1.tar.gz"
            }
          ],
          "project_name": "python-engineio",
          "requires_dists": [
            "aiohttp>=3.4; extra == \"asyncio_client\"",
            "requests>=2.21.0; extra == \"client\"",
            "websocket-client>=0.54.0; extra == \"client\""
          ],
          "requires_python": ">=3.6",
          "version": "4.4.1"
        },
        {
          "artifacts": [
            {
              "algorithm": "sha256",
              "hash": "7adb8867aac1c2929b9c1429f1c02e12ca4c36b67c807967393e367dfbb01441",
              "url": "https://files.pythonhosted.org/packages/5d/e9/f296186e2a91f1472b9da74346163411196dc1b17f425acf088f293b32cc/python_socketio-5.8.0-py3-none-any.whl"
            },
            {
              "algorithm": "sha256",
              "hash": "e714f4dddfaaa0cb0e37a1e2deef2bb60590a5b9fea9c343dd8ca5e688416fd9",
              "url": "https://files.pythonhosted.org/packages/c6/4e/69e98ca93a7aa59b5e868afe54b133c7675828af710805ee5cde955fd732/python-socketio-5.8.0.tar.gz"
            }
          ],
          "project_name": "python-socketio",
          "requires_dists": [
            "aiohttp>=3.4; extra == \"asyncio_client\"",
            "bidict>=0.21.0",
            "python-engineio>=4.3.0",
            "requests>=2.21.0; extra == \"client\"",
            "websocket-client>=0.54.0; extra == \"client\""
          ],
          "requires_python": ">=3.6",
          "version": "5.8"
        },
        {
          "artifacts": [
            {
              "algorithm": "sha256",
              "hash": "64299f4909223da747622c030b781c0d7811e359c37124b4bd368fb8c6518baa",
              "url": "https://files.pythonhosted.org/packages/d2/f4/274d1dbe96b41cf4e0efb70cbced278ffd61b5c7bb70338b62af94ccb25b/requests-2.28.2-py3-none-any.whl"
            },
            {
              "algorithm": "sha256",
              "hash": "98b1b2782e3c6c4904938b84c0eb932721069dfdb9134313beff7c83c2df24bf",
              "url": "https://files.pythonhosted.org/packages/9d/ee/391076f5937f0a8cdf5e53b701ffc91753e87b07d66bae4a09aa671897bf/requests-2.28.2.tar.gz"
            }
          ],
          "project_name": "requests",
          "requires_dists": [
            "PySocks!=1.5.7,>=1.5.6; extra == \"socks\"",
            "certifi>=2017.4.17",
            "chardet<6,>=3.0.2; extra == \"use_chardet_on_py3\"",
            "charset-normalizer<4,>=2",
            "idna<4,>=2.5",
            "urllib3<1.27,>=1.21.1"
          ],
          "requires_python": "<4,>=3.7",
          "version": "2.28.2"
        },
        {
          "artifacts": [
            {
              "algorithm": "sha256",
              "hash": "8d36afa7616d8ab714608411b4a3b13e58f463aee519024578e062e141dce20f",
              "url": "https://files.pythonhosted.org/packages/c5/05/c214b32d21c0b465506f95c4f28ccbcba15022e000b043b72b3df7728471/urllib3-1.26.16-py2.py3-none-any.whl"
            },
            {
              "algorithm": "sha256",
              "hash": "8f135f6502756bde6b2a9b28989df5fbe87c9970cecaa69041edcce7f0589b14",
              "url": "https://files.pythonhosted.org/packages/e2/7d/539e6f0cf9f0b95b71dd701a56dae89f768cd39fd8ce0096af3546aeb5a3/urllib3-1.26.16.tar.gz"
            }
          ],
          "project_name": "urllib3",
          "requires_dists": [
            "PySocks!=1.5.7,<2.0,>=1.5.6; extra == \"socks\"",
            "brotli>=1.0.9; ((os_name != \"nt\" or python_version >= \"3\") and platform_python_implementation == \"CPython\") and extra == \"brotli\"",
            "brotlicffi>=0.8.0; ((os_name != \"nt\" or python_version >= \"3\") and platform_python_implementation != \"CPython\") and extra == \"brotli\"",
            "brotlipy>=0.6.0; (os_name == \"nt\" and python_version < \"3\") and extra == \"brotli\"",
            "certifi; extra == \"secure\"",
            "cryptography>=1.3.4; extra == \"secure\"",
            "idna>=2.0.0; extra == \"secure\"",
            "ipaddress; python_version == \"2.7\" and extra == \"secure\"",
            "pyOpenSSL>=0.14; extra == \"secure\"",
            "urllib3-secure-extra; extra == \"secure\""
          ],
          "requires_python": "!=3.0.*,!=3.1.*,!=3.2.*,!=3.3.*,!=3.4.*,!=3.5.*,>=2.7",
          "version": "1.26.16"
        },
        {
          "artifacts": [
            {
              "algorithm": "sha256",
              "hash": "3566f8467cd350874c4913816355642a4942f6c1ed1e9406e3d42fae6d6c072a",
              "url": "https://files.pythonhosted.org/packages/c6/12/76e939a8b7757eb7675d5b8996e07733a180161397ed0904c16128721e40/websocket_client-1.5.3-py3-none-any.whl"
            },
            {
              "algorithm": "sha256",
              "hash": "b96f3bce3e54e3486ebe6504bc22bd4c140392bd2eb71764db29be8f2639aa65",
              "url": "https://files.pythonhosted.org/packages/98/be/1aa255e5b937e62ca81b6d990e372bc013e355bd8048b8579eefe24ad57d/websocket-client-1.5.3.tar.gz"
            }
          ],
          "project_name": "websocket-client",
          "requires_dists": [
            "Sphinx>=3.4; extra == \"docs\"",
            "python-socks; extra == \"optional\"",
            "sphinx-rtd-theme>=0.5; extra == \"docs\"",
            "websockets; extra == \"test\"",
            "wsaccel; extra == \"optional\""
          ],
          "requires_python": ">=3.7",
          "version": "1.5.3"
        }
      ],
      "platform_tag": null
    }
  ],
  "path_mappings": {},
  "pex_version": "2.1.108",
  "pip_version": "20.3.4-patched",
  "prefer_older_binary": false,
  "requirements": [
    "numpy~=1.24.2",
    "opencv-python~=4.6.0.37",
    "python-socketio~=5.8.0",
    "requests~=2.28.2",
    "websocket-client~=1.5.1"
  ],
  "requires_python": [
    "<3.11,>=3.8"
  ],
  "resolver_version": "pip-2020-resolver",
  "style": "universal",
  "target_systems": [
    "linux",
    "mac"
  ],
  "transitive": true,
  "use_pep517": null
}
