// This lockfile was autogenerated by Pants. To regenerate, run:
//
//    ./pants generate-lockfiles --resolve=python-default
//
// --- BEGIN PANTS LOCKFILE METADATA: DO NOT EDIT OR REMOVE ---
// {
//   "version": 3,
//   "valid_for_interpreter_constraints": [
//     "CPython<3.11,>=3.8"
//   ],
//   "generated_with_requirements": [
//     "era-5g-interface~=0.3.0",
//     "numpy>=1.24.2",
//     "opencv-python>=4.6.0.66",
//     "python-socketio>=5.8.0",
//     "requests>=2.28.2",
//     "types-requests==2.31.0.1",
//     "websocket-client>=1.5.1"
//   ],
//   "manylinux": "manylinux2014",
//   "requirement_constraints": [],
//   "only_binary": [],
//   "no_binary": []
// }
// --- END PANTS LOCKFILE METADATA ---

{
  "allow_builds": true,
  "allow_prereleases": false,
  "allow_wheels": true,
  "build_isolation": true,
  "constraints": [],
  "locked_resolves": [
    {
      "locked_requirements": [
        {
          "artifacts": [
            {
              "algorithm": "sha256",
              "hash": "6ef212238eb884b664f28da76f33f1d28b260f665fc737b413b287d5487d1e7b",
              "url": "https://files.pythonhosted.org/packages/b5/82/ce0b6380f35f49d3fe687979a324c342cfa3588380232f3801db9dd62f9e/bidict-0.22.1-py3-none-any.whl"
            },
            {
              "algorithm": "sha256",
              "hash": "1e0f7f74e4860e6d0943a05d4134c63a2fad86f3d4732fb265bd79e4e856d81d",
              "url": "https://files.pythonhosted.org/packages/f2/be/b31e6ea9c94096a323e7a0e2c61480db01f07610bb7e7ea72a06fd1a23a8/bidict-0.22.1.tar.gz"
            }
          ],
          "project_name": "bidict",
          "requires_dists": [
            "furo; extra == \"docs\"",
            "hypothesis; extra == \"test\"",
            "pre-commit; extra == \"lint\"",
            "pytest-benchmark[histogram]; extra == \"test\"",
            "pytest-cov; extra == \"test\"",
            "pytest-xdist; extra == \"test\"",
            "pytest; extra == \"test\"",
            "sortedcollections; extra == \"test\"",
            "sortedcontainers; extra == \"test\"",
            "sphinx-copybutton; extra == \"docs\"",
            "sphinx; extra == \"docs\"",
            "sphinx; extra == \"test\""
          ],
          "requires_python": ">=3.7",
          "version": "0.22.1"
        },
        {
          "artifacts": [
            {
              "algorithm": "sha256",
              "hash": "c6c2e98f5c7869efca1f8916fed228dd91539f9f1b444c314c06eef02980c716",
              "url": "https://files.pythonhosted.org/packages/9d/19/59961b522e6757f0c9097e4493fa906031b95b3ebe9360b2c3083561a6b4/certifi-2023.5.7-py3-none-any.whl"
            },
            {
              "algorithm": "sha256",
              "hash": "0f0d56dc5a6ad56fd4ba36484d6cc34451e1c6548c61daad8c320169f91eddc7",
              "url": "https://files.pythonhosted.org/packages/93/71/752f7a4dd4c20d6b12341ed1732368546bc0ca9866139fe812f6009d9ac7/certifi-2023.5.7.tar.gz"
            }
          ],
          "project_name": "certifi",
          "requires_dists": [],
          "requires_python": ">=3.6",
          "version": "2023.5.7"
        },
        {
          "artifacts": [
            {
              "algorithm": "sha256",
              "hash": "8e098148dd37b4ce3baca71fb394c81dc5d9c7728c95df695d2dca218edf40e6",
              "url": "https://files.pythonhosted.org/packages/bf/a0/188f223c7d8b924fb9b554b9d27e0e7506fd5bf9cfb6dbacb2dfd5832b53/charset_normalizer-3.2.0-py3-none-any.whl"
            },
            {
              "algorithm": "sha256",
              "hash": "09393e1b2a9461950b1c9a45d5fd251dc7c6f228acab64da1c9c0165d9c7765c",
              "url": "https://files.pythonhosted.org/packages/08/f7/3f36bb1d0d74846155c7e3bf1477004c41243bb510f9082e785809787735/charset_normalizer-3.2.0-cp310-cp310-manylinux_2_5_i686.manylinux1_i686.manylinux_2_17_i686.manylinux2014_i686.whl"
            },
            {
              "algorithm": "sha256",
              "hash": "855eafa5d5a2034b4621c74925d89c5efef61418570e5ef9b37717d9c796419c",
              "url": "https://files.pythonhosted.org/packages/09/79/1b7af063e7c57a51aab7f2aaccd79bb8a694dfae668e8aa79b0b045b17bc/charset_normalizer-3.2.0-cp39-cp39-macosx_10_9_universal2.whl"
            },
            {
              "algorithm": "sha256",
              "hash": "e6a5bf2cba5ae1bb80b154ed68a3cfa2fa00fde979a7f50d6598d3e17d9ac20c",
              "url": "https://files.pythonhosted.org/packages/0d/dd/e598cc4e4052aa0779d4c6d5e9840d21ed238834944ccfbc6b33f792c426/charset_normalizer-3.2.0-cp38-cp38-musllinux_1_1_s390x.whl"
            },
            {
              "algorithm": "sha256",
              "hash": "f87f746ee241d30d6ed93969de31e5ffd09a2961a051e60ae6bddde9ec3583aa",
              "url": "https://files.pythonhosted.org/packages/13/de/10c14aa51375b90ed62232935e6c8997756178e6972c7695cdf0500a60ad/charset_normalizer-3.2.0-cp38-cp38-manylinux_2_17_s390x.manylinux2014_s390x.whl"
            },
            {
              "algorithm": "sha256",
              "hash": "c8063cf17b19661471ecbdb3df1c84f24ad2e389e326ccaf89e3fb2484d8dd7e",
              "url": "https://files.pythonhosted.org/packages/1b/2c/7376d101efdec15e61e9861890cf107c6ce3cceba89eb87cc416ee0528cd/charset_normalizer-3.2.0-cp39-cp39-musllinux_1_1_ppc64le.whl"
            },
            {
              "algorithm": "sha256",
              "hash": "1920d4ff15ce893210c1f0c0e9d19bfbecb7983c76b33f046c13a8ffbd570252",
              "url": "https://files.pythonhosted.org/packages/23/59/8011a01cd8b904d08d86b4a49f407e713d20ee34155300dc698892a29f8b/charset_normalizer-3.2.0-cp39-cp39-manylinux_2_5_i686.manylinux1_i686.manylinux_2_17_i686.manylinux2014_i686.whl"
            },
            {
              "algorithm": "sha256",
              "hash": "3bb3d25a8e6c0aedd251753a79ae98a093c7e7b471faa3aa9a93a81431987ace",
              "url": "https://files.pythonhosted.org/packages/2a/53/cf0a48de1bdcf6ff6e1c9a023f5f523dfe303e4024f216feac64b6eb7f67/charset-normalizer-3.2.0.tar.gz"
            },
            {
              "algorithm": "sha256",
              "hash": "a38856a971c602f98472050165cea2cdc97709240373041b69030be15047691f",
              "url": "https://files.pythonhosted.org/packages/2e/56/faee2b51d73e9675b4766366d925f17c253797e5839c28e1c720ec9dfbfc/charset_normalizer-3.2.0-cp38-cp38-manylinux_2_17_ppc64le.manylinux2014_ppc64le.whl"
            },
            {
              "algorithm": "sha256",
              "hash": "b0dac0ff919ba34d4df1b6131f59ce95b08b9065233446be7e459f95554c0dc8",
              "url": "https://files.pythonhosted.org/packages/45/60/1b2113fe172ac66ac4d210034e937ebe0be30bcae9a7a4d2ae5ad3c018b3/charset_normalizer-3.2.0-cp310-cp310-manylinux_2_17_s390x.manylinux2014_s390x.whl"
            },
            {
              "algorithm": "sha256",
              "hash": "5e86d77b090dbddbe78867a0275cb4df08ea195e660f1f7f13435a4649e954e5",
              "url": "https://files.pythonhosted.org/packages/47/03/2cde6c5fba0115e8726272aabfca33b9d84d377cc11c4bab092fa9617d7a/charset_normalizer-3.2.0-cp39-cp39-manylinux_2_17_aarch64.manylinux2014_aarch64.whl"
            },
            {
              "algorithm": "sha256",
              "hash": "45de3f87179c1823e6d9e32156fb14c1927fcc9aba21433f088fdfb555b77c10",
              "url": "https://files.pythonhosted.org/packages/47/71/2ce8dca3e8cf1f65c36b6317cf68382bb259966e3a208da6e5550029ab79/charset_normalizer-3.2.0-cp38-cp38-musllinux_1_1_x86_64.whl"
            },
            {
              "algorithm": "sha256",
              "hash": "e1c8a2f4c69e08e89632defbfabec2feb8a8d99edc9f89ce33c4b9e36ab63037",
              "url": "https://files.pythonhosted.org/packages/49/60/87a026215ed77184c413ebb85bafa6c0a998bdc0d1e03b894fa326f2b0f9/charset_normalizer-3.2.0-cp38-cp38-manylinux_2_5_i686.manylinux1_i686.manylinux_2_17_i686.manylinux2014_i686.whl"
            },
            {
              "algorithm": "sha256",
              "hash": "c4fb39a81950ec280984b3a44f5bd12819953dc5fa3a7e6fa7a80db5ee853952",
              "url": "https://files.pythonhosted.org/packages/4a/46/a22af93e707f0d3c3865a2c21b4363c778239f5a6405aadd220992ac3058/charset_normalizer-3.2.0-cp39-cp39-manylinux_2_17_ppc64le.manylinux2014_ppc64le.whl"
            },
            {
              "algorithm": "sha256",
              "hash": "baacc6aee0b2ef6f3d308e197b5d7a81c0e70b06beae1f1fcacffdbd124fe0e3",
              "url": "https://files.pythonhosted.org/packages/6b/b7/f042568ee89c378b457f73fda1642fd3b795df79c285520e4ec8a74c8b09/charset_normalizer-3.2.0-cp310-cp310-musllinux_1_1_aarch64.whl"
            },
            {
              "algorithm": "sha256",
              "hash": "1a100c6d595a7f316f1b6f01d20815d916e75ff98c27a01ae817439ea7726329",
              "url": "https://files.pythonhosted.org/packages/79/55/9aef5046a1765acacf28f80994f5a964ab4f43ab75208b1265191a11004b/charset_normalizer-3.2.0-cp38-cp38-macosx_10_9_x86_64.whl"
            },
            {
              "algorithm": "sha256",
              "hash": "203f0c8871d5a7987be20c72442488a0b8cfd0f43b7973771640fc593f56321f",
              "url": "https://files.pythonhosted.org/packages/7b/c6/7f75892d87d7afcf8ed909f3e74de1bc61abd9d77cd9aab1f449430856c5/charset_normalizer-3.2.0-cp39-cp39-macosx_10_9_x86_64.whl"
            },
            {
              "algorithm": "sha256",
              "hash": "2dee8e57f052ef5353cf608e0b4c871aee320dd1b87d351c28764fc0ca55f9f4",
              "url": "https://files.pythonhosted.org/packages/80/75/eadff07a61d5602b6b19859d464bc0983654ae79114ef8aa15797b02271c/charset_normalizer-3.2.0-cp39-cp39-manylinux_2_17_s390x.manylinux2014_s390x.whl"
            },
            {
              "algorithm": "sha256",
              "hash": "7c70087bfee18a42b4040bb9ec1ca15a08242cf5867c58726530bdf3945672ed",
              "url": "https://files.pythonhosted.org/packages/81/a0/96317ce912b512b7998434eae5e24b28bcc5f1680ad85348e31e1ca56332/charset_normalizer-3.2.0-cp310-cp310-macosx_10_9_x86_64.whl"
            },
            {
              "algorithm": "sha256",
              "hash": "c1c76a1743432b4b60ab3358c937a3fe1341c828ae6194108a94c69028247f22",
              "url": "https://files.pythonhosted.org/packages/85/52/77ab28e0eb07f12a02732c55abfc3be481bd46c91d5ade76a8904dfb59a4/charset_normalizer-3.2.0-cp39-cp39-musllinux_1_1_aarch64.whl"
            },
            {
              "algorithm": "sha256",
              "hash": "c04a46716adde8d927adb9457bbe39cf473e1e2c2f5d0a16ceb837e5d841ad4f",
              "url": "https://files.pythonhosted.org/packages/8b/c4/62b920ec8f4ec7b55cd29db894ced9a649214fd506295ac19fb786fe3c6f/charset_normalizer-3.2.0-cp310-cp310-musllinux_1_1_ppc64le.whl"
            },
            {
              "algorithm": "sha256",
              "hash": "d62e51710986674142526ab9f78663ca2b0726066ae26b78b22e0f5e571238dd",
              "url": "https://files.pythonhosted.org/packages/95/d2/6f25fddfbe31448ceea236e03b70d2bbd647d4bc9148bf9665307794c4f2/charset_normalizer-3.2.0-cp310-cp310-musllinux_1_1_x86_64.whl"
            },
            {
              "algorithm": "sha256",
              "hash": "cd6dbe0238f7743d0efe563ab46294f54f9bc8f4b9bcf57c3c666cc5bc9d1299",
              "url": "https://files.pythonhosted.org/packages/95/d3/ed29b2d14ec9044a223dcf7c439fa550ef9c6d06c9372cd332374d990559/charset_normalizer-3.2.0-cp39-cp39-musllinux_1_1_s390x.whl"
            },
            {
              "algorithm": "sha256",
              "hash": "95eb302ff792e12aba9a8b8f8474ab229a83c103d74a750ec0bd1c1eea32e669",
              "url": "https://files.pythonhosted.org/packages/97/f6/0bae7bdfb07ca42bf5e3e37dbd0cce02d87dd6e87ea85dff43106dfc1f48/charset_normalizer-3.2.0-cp38-cp38-macosx_10_9_universal2.whl"
            },
            {
              "algorithm": "sha256",
              "hash": "6339d047dab2780cc6220f46306628e04d9750f02f983ddb37439ca47ced7149",
              "url": "https://files.pythonhosted.org/packages/9c/71/bf12b8e0d6e1d84ed29c3e16ea1efc47ae96487bde823130d12139c434a0/charset_normalizer-3.2.0-cp38-cp38-macosx_11_0_arm64.whl"
            },
            {
              "algorithm": "sha256",
              "hash": "193cbc708ea3aca45e7221ae58f0fd63f933753a9bfb498a3b474878f12caaad",
              "url": "https://files.pythonhosted.org/packages/a4/65/057bf29660aae6ade0816457f8db4e749e5c0bfa2366eb5f67db9912fa4c/charset_normalizer-3.2.0-cp310-cp310-manylinux_2_17_x86_64.manylinux2014_x86_64.whl"
            },
            {
              "algorithm": "sha256",
              "hash": "e4b749b9cc6ee664a3300bb3a273c1ca8068c46be705b6c31cf5d276f8628a94",
              "url": "https://files.pythonhosted.org/packages/ad/0d/9aa61083c35dc21e75a97c0ee53619daf0e5b4fd3b8b4d8bb5e7e56ed302/charset_normalizer-3.2.0-cp38-cp38-manylinux_2_17_aarch64.manylinux2014_aarch64.whl"
            },
            {
              "algorithm": "sha256",
              "hash": "0b87549028f680ca955556e3bd57013ab47474c3124dc069faa0b6545b6c9710",
              "url": "https://files.pythonhosted.org/packages/af/6f/b9b1613a5b672004f08ef3c02242b07406ff36164725ff15207737601de5/charset_normalizer-3.2.0-cp310-cp310-macosx_10_9_universal2.whl"
            },
            {
              "algorithm": "sha256",
              "hash": "89f1b185a01fe560bc8ae5f619e924407efca2191b56ce749ec84982fc59a32a",
              "url": "https://files.pythonhosted.org/packages/cb/e7/5e43745003bf1f90668c7be23fc5952b3a2b9c2558f16749411c18039b36/charset_normalizer-3.2.0-cp38-cp38-manylinux_2_17_x86_64.manylinux2014_x86_64.whl"
            },
            {
              "algorithm": "sha256",
              "hash": "a386ebe437176aab38c041de1260cd3ea459c6ce5263594399880bbc398225b2",
              "url": "https://files.pythonhosted.org/packages/cb/f9/a652e1b495345000bb7f0e2a960a82ca941db55cb6de158d542918f8b52b/charset_normalizer-3.2.0-cp38-cp38-musllinux_1_1_i686.whl"
            },
            {
              "algorithm": "sha256",
              "hash": "e857a2232ba53ae940d3456f7533ce6ca98b81917d47adc3c7fd55dad8fab858",
              "url": "https://files.pythonhosted.org/packages/d3/d8/50a33f82bdf25e71222a55cef146310e3e9fe7d5790be5281d715c012eae/charset_normalizer-3.2.0-cp39-cp39-macosx_11_0_arm64.whl"
            },
            {
              "algorithm": "sha256",
              "hash": "bf420121d4c8dce6b889f0e8e4ec0ca34b7f40186203f06a946fa0276ba54029",
              "url": "https://files.pythonhosted.org/packages/e8/74/077cb06aed5d41118a5803e842943311032ab2fb94cf523be620c5be9911/charset_normalizer-3.2.0-cp310-cp310-musllinux_1_1_i686.whl"
            },
            {
              "algorithm": "sha256",
              "hash": "ccd16eb18a849fd8dcb23e23380e2f0a354e8daa0c984b8a732d9cfaba3a776d",
              "url": "https://files.pythonhosted.org/packages/e8/ad/ac491a1cf960ec5873c1b0e4fd4b90b66bfed4a1063933612f2da8189eb8/charset_normalizer-3.2.0-cp38-cp38-musllinux_1_1_ppc64le.whl"
            },
            {
              "algorithm": "sha256",
              "hash": "a103b3a7069b62f5d4890ae1b8f0597618f628b286b03d4bc9195230b154bfa9",
              "url": "https://files.pythonhosted.org/packages/ec/a7/96835706283d63fefbbbb4f119d52f195af00fc747e67cc54397c56312c8/charset_normalizer-3.2.0-cp310-cp310-macosx_11_0_arm64.whl"
            },
            {
              "algorithm": "sha256",
              "hash": "f7560358a6811e52e9c4d142d497f1a6e10103d3a6881f18d04dbce3729c0e2c",
              "url": "https://files.pythonhosted.org/packages/ed/21/03b4a3533b7a845ee31ed4542ca06debdcf7f12c099ae3dd6773c275b0df/charset_normalizer-3.2.0-cp39-cp39-musllinux_1_1_i686.whl"
            },
            {
              "algorithm": "sha256",
              "hash": "94aea8eff76ee6d1cdacb07dd2123a68283cb5569e0250feab1240058f53b623",
              "url": "https://files.pythonhosted.org/packages/f0/24/7e6c604d80a8eb4378cb075647e65b7905f06645243b43c79fe4b7487ed7/charset_normalizer-3.2.0-cp310-cp310-manylinux_2_17_aarch64.manylinux2014_aarch64.whl"
            },
            {
              "algorithm": "sha256",
              "hash": "db901e2ac34c931d73054d9797383d0f8009991e723dab15109740a63e7f902a",
              "url": "https://files.pythonhosted.org/packages/f1/f2/ef1479e741a7ed166b8253987071b2cf2d2b727fc8fa081520e3f7c97e44/charset_normalizer-3.2.0-cp310-cp310-manylinux_2_17_ppc64le.manylinux2014_ppc64le.whl"
            },
            {
              "algorithm": "sha256",
              "hash": "1249cbbf3d3b04902ff081ffbb33ce3377fa6e4c7356f759f3cd076cc138d020",
              "url": "https://files.pythonhosted.org/packages/f2/e8/d9651a0afd4ee792207b24bd1d438ed750f1c0f29df62bd73d24ded428f9/charset_normalizer-3.2.0-cp39-cp39-musllinux_1_1_x86_64.whl"
            },
            {
              "algorithm": "sha256",
              "hash": "2f4ac36d8e2b4cc1aa71df3dd84ff8efbe3bfb97ac41242fbcfc053c67434f46",
              "url": "https://files.pythonhosted.org/packages/f4/39/b024eb6c2a2b8136f1f48fd2f2eee22ed98fbfe3cd7ddf81dad2b8dd3c1b/charset_normalizer-3.2.0-cp38-cp38-musllinux_1_1_aarch64.whl"
            },
            {
              "algorithm": "sha256",
              "hash": "aaf63899c94de41fe3cf934601b0f7ccb6b428c6e4eeb80da72c58eab077b19a",
              "url": "https://files.pythonhosted.org/packages/f5/50/410da81fd67eb1becef9d633f6aae9f6e296f60126cfc3d19631f7919f76/charset_normalizer-3.2.0-cp310-cp310-musllinux_1_1_s390x.whl"
            },
            {
              "algorithm": "sha256",
              "hash": "8700f06d0ce6f128de3ccdbc1acaea1ee264d2caa9ca05daaf492fde7c2a7200",
              "url": "https://files.pythonhosted.org/packages/f9/0d/514be8597d7a96243e5467a37d337b9399cec117a513fcf9328405d911c0/charset_normalizer-3.2.0-cp39-cp39-manylinux_2_17_x86_64.manylinux2014_x86_64.whl"
            }
          ],
          "project_name": "charset-normalizer",
          "requires_dists": [],
          "requires_python": ">=3.7.0",
          "version": "3.2.0"
        },
        {
          "artifacts": [
            {
              "algorithm": "sha256",
              "hash": "5b402f9cb77fb0772028b8f217aa2917ea4236f541d5827c8f3d984f7ca33623",
              "url": "https://files.pythonhosted.org/packages/cb/fc/aec8b99daf017010d93cd9ab45376e4a434dc2999b05976212e4695bf76e/era_5g_interface-0.3.0-py3-none-any.whl"
            },
            {
              "algorithm": "sha256",
              "hash": "20ec58a39275891e9d9b4f1d59397ec7e39666fc8179ddcd59ba0974107230f0",
              "url": "https://files.pythonhosted.org/packages/72/c9/6ea9ad656888f459a4aa54624697948f50d92a67661bcb271babe6c502a6/era_5g_interface-0.3.0.tar.gz"
            }
          ],
          "project_name": "era-5g-interface",
          "requires_dists": [
            "numpy~=1.24.4",
            "opencv-python~=4.6.0.66"
          ],
          "requires_python": "<3.11,>=3.8",
          "version": "0.3.0"
        },
        {
          "artifacts": [
            {
              "algorithm": "sha256",
              "hash": "90b77e79eaa3eba6de819a0c442c0b4ceefc341a7a2ab77d7562bf49f425c5c2",
              "url": "https://files.pythonhosted.org/packages/fc/34/3030de6f1370931b9dbb4dad48f6ab1015ab1d32447850b9fc94e60097be/idna-3.4-py3-none-any.whl"
            },
            {
              "algorithm": "sha256",
              "hash": "814f528e8dead7d329833b91c5faa87d60bf71824cd12a7530b5526063d02cb4",
              "url": "https://files.pythonhosted.org/packages/8b/e1/43beb3d38dba6cb420cefa297822eac205a277ab43e5ba5d5c46faf96438/idna-3.4.tar.gz"
            }
          ],
          "project_name": "idna",
          "requires_dists": [],
          "requires_python": ">=3.5",
          "version": "3.4"
        },
        {
          "artifacts": [
            {
              "algorithm": "sha256",
              "hash": "95f7ac6540e95bc440ad77f56e520da5bf877f87dca58bd095288dce8940532a",
              "url": "https://files.pythonhosted.org/packages/42/e7/4bf953c6e05df90c6d351af69966384fed8e988d0e8c54dad7103b59f3ba/numpy-1.24.4-pp38-pypy38_pp73-manylinux_2_17_x86_64.manylinux2014_x86_64.whl"
            },
            {
              "algorithm": "sha256",
              "hash": "7ffe43c74893dbf38c2b0a1f5428760a1a9c98285553c89e12d70a96a7f3a4d6",
              "url": "https://files.pythonhosted.org/packages/10/be/ae5bf4737cb79ba437879915791f6f26d92583c738d7d960ad94e5c36adf/numpy-1.24.4-cp310-cp310-manylinux_2_17_x86_64.manylinux2014_x86_64.whl"
            },
            {
              "algorithm": "sha256",
              "hash": "1452241c290f3e2a312c137a9999cdbf63f78864d63c79039bda65ee86943f61",
              "url": "https://files.pythonhosted.org/packages/11/10/943cfb579f1a02909ff96464c69893b1d25be3731b5d3652c2e0cf1281ea/numpy-1.24.4-cp38-cp38-macosx_10_9_x86_64.whl"
            },
            {
              "algorithm": "sha256",
              "hash": "9667575fb6d13c95f1b36aca12c5ee3356bf001b714fc354eb5465ce1609e62f",
              "url": "https://files.pythonhosted.org/packages/14/27/638aaa446f39113a3ed38b37a66243e21b38110d021bfcb940c383e120f2/numpy-1.24.4-cp39-cp39-macosx_11_0_arm64.whl"
            },
            {
              "algorithm": "sha256",
              "hash": "a5425b114831d1e77e4b5d812b69d11d962e104095a5b9c3b641a218abcc050e",
              "url": "https://files.pythonhosted.org/packages/25/6f/2586a50ad72e8dbb1d8381f837008a0321a3516dfd7cb57fc8cf7e4bb06b/numpy-1.24.4-cp38-cp38-manylinux_2_17_aarch64.manylinux2014_aarch64.whl"
            },
            {
              "algorithm": "sha256",
              "hash": "79fc682a374c4a8ed08b331bef9c5f582585d1048fa6d80bc6c35bc384eee9b4",
              "url": "https://files.pythonhosted.org/packages/5a/b3/2f9c21d799fa07053ffa151faccdceeb69beec5a010576b8991f614021f7/numpy-1.24.4-cp310-cp310-manylinux_2_17_aarch64.manylinux2014_aarch64.whl"
            },
            {
              "algorithm": "sha256",
              "hash": "ed094d4f0c177b1b8e7aa9cba7d6ceed51c0e569a5318ac0ca9a090680a6a1b1",
              "url": "https://files.pythonhosted.org/packages/64/5f/3f01d753e2175cfade1013eea08db99ba1ee4bdb147ebcf3623b75d12aa7/numpy-1.24.4-cp310-cp310-macosx_11_0_arm64.whl"
            },
            {
              "algorithm": "sha256",
              "hash": "c0bfb52d2169d58c1cdb8cc1f16989101639b34c7d3ce60ed70b19c63eba0b64",
              "url": "https://files.pythonhosted.org/packages/6b/80/6cdfb3e275d95155a34659163b83c09e3a3ff9f1456880bec6cc63d71083/numpy-1.24.4-cp310-cp310-macosx_10_9_x86_64.whl"
            },
            {
              "algorithm": "sha256",
              "hash": "d11efb4dbecbdf22508d55e48d9c8384db795e1b7b51ea735289ff96613ff74d",
              "url": "https://files.pythonhosted.org/packages/7a/7c/d7b2a0417af6428440c0ad7cb9799073e507b1a465f827d058b826236964/numpy-1.24.4-cp39-cp39-manylinux_2_17_x86_64.manylinux2014_x86_64.whl"
            },
            {
              "algorithm": "sha256",
              "hash": "f3a86ed21e4f87050382c7bc96571755193c4c1392490744ac73d660e8f564a9",
              "url": "https://files.pythonhosted.org/packages/8f/27/91894916e50627476cff1a4e4363ab6179d01077d71b9afed41d9e1f18bf/numpy-1.24.4-cp39-cp39-manylinux_2_17_aarch64.manylinux2014_aarch64.whl"
            },
            {
              "algorithm": "sha256",
              "hash": "dd80e219fd4c71fc3699fc1dadac5dcf4fd882bfc6f7ec53d30fa197b8ee22dc",
              "url": "https://files.pythonhosted.org/packages/98/5d/5738903efe0ecb73e51eb44feafba32bdba2081263d40c5043568ff60faf/numpy-1.24.4-cp38-cp38-manylinux_2_17_x86_64.manylinux2014_x86_64.whl"
            },
            {
              "algorithm": "sha256",
              "hash": "2541312fbf09977f3b3ad449c4e5f4bb55d0dbf79226d7724211acc905049400",
              "url": "https://files.pythonhosted.org/packages/9a/cd/d5b0402b801c8a8b56b04c1e85c6165efab298d2f0ab741c2406516ede3a/numpy-1.24.4-cp39-cp39-macosx_10_9_x86_64.whl"
            },
            {
              "algorithm": "sha256",
              "hash": "80f5e3a4e498641401868df4208b74581206afbee7cf7b8329daae82676d9463",
              "url": "https://files.pythonhosted.org/packages/a4/9b/027bec52c633f6556dba6b722d9a0befb40498b9ceddd29cbe67a45a127c/numpy-1.24.4.tar.gz"
            },
            {
              "algorithm": "sha256",
              "hash": "31f13e25b4e304632a4619d0e0777662c2ffea99fcae2029556b17d8ff958aef",
              "url": "https://files.pythonhosted.org/packages/a4/fd/8dff40e25e937c94257455c237b9b6bf5a30d42dd1cc11555533be099492/numpy-1.24.4-pp38-pypy38_pp73-macosx_10_9_x86_64.whl"
            },
            {
              "algorithm": "sha256",
              "hash": "04640dab83f7c6c85abf9cd729c5b65f1ebd0ccf9de90b270cd61935eef0197f",
              "url": "https://files.pythonhosted.org/packages/a7/ae/f53b7b265fdc701e663fbb322a8e9d4b14d9cb7b2385f45ddfabfc4327e4/numpy-1.24.4-cp38-cp38-macosx_11_0_arm64.whl"
            }
          ],
          "project_name": "numpy",
          "requires_dists": [],
          "requires_python": ">=3.8",
          "version": "1.24.4"
        },
        {
          "artifacts": [
            {
              "algorithm": "sha256",
              "hash": "6e32af22e3202748bd233ed8f538741876191863882eba44e332d1a34993165b",
              "url": "https://files.pythonhosted.org/packages/c6/00/858e894a2127b3a1b5479812b1bd3669bca64175dff4fc7c778e0a6ee565/opencv_python-4.6.0.66-cp37-abi3-macosx_11_0_arm64.whl"
            },
            {
              "algorithm": "sha256",
              "hash": "5af8ba35a4fcb8913ffb86e92403e9a656a4bff4a645d196987468f0f8947875",
              "url": "https://files.pythonhosted.org/packages/12/5d/1527327b9f7ea13bef31377f8bf399f03dc5f4f1c9f1fb69bc56b6e24cd4/opencv_python-4.6.0.66-cp36-abi3-manylinux_2_17_aarch64.manylinux2014_aarch64.whl"
            },
            {
              "algorithm": "sha256",
              "hash": "c5bfae41ad4031e66bb10ec4a0a2ffd3e514d092652781e8b1ac98d1b59f1158",
              "url": "https://files.pythonhosted.org/packages/7a/1c/e57fe138615c29b8d1442009057dd420c58d4773cb16112e914c9e7b47d8/opencv-python-4.6.0.66.tar.gz"
            },
            {
              "algorithm": "sha256",
              "hash": "dbdc84a9b4ea2cbae33861652d25093944b9959279200b7ae0badd32439f74de",
              "url": "https://files.pythonhosted.org/packages/af/bf/8d189a5c43460f6b5c8eb81ead8732e94b9f73ef8d9abba9e8f5a61a6531/opencv_python-4.6.0.66-cp36-abi3-manylinux_2_17_x86_64.manylinux2014_x86_64.whl"
            },
            {
              "algorithm": "sha256",
              "hash": "e6e448b62afc95c5b58f97e87ef84699e6607fe5c58730a03301c52496005cae",
              "url": "https://files.pythonhosted.org/packages/bc/71/4575227302db0b95bbf635dd87f2c58339f84c6e63ade1afc7d332414da2/opencv_python-4.6.0.66-cp36-abi3-macosx_10_15_x86_64.whl"
            }
          ],
          "project_name": "opencv-python",
          "requires_dists": [
            "numpy>=1.13.3; python_version < \"3.7\"",
            "numpy>=1.14.5; python_version >= \"3.7\"",
            "numpy>=1.17.3; python_version >= \"3.8\"",
            "numpy>=1.19.3; python_version >= \"3.6\" and platform_system == \"Linux\" and platform_machine == \"aarch64\"",
            "numpy>=1.19.3; python_version >= \"3.9\"",
            "numpy>=1.21.2; python_version >= \"3.10\"",
            "numpy>=1.21.2; python_version >= \"3.6\" and platform_system == \"Darwin\" and platform_machine == \"arm64\""
          ],
          "requires_python": ">=3.6",
          "version": "4.6.0.66"
        },
        {
          "artifacts": [
            {
              "algorithm": "sha256",
              "hash": "67a675569f3e9bb274a8077f3c2068a8fe79cbfcb111cf31ca27b968484fe6c7",
              "url": "https://files.pythonhosted.org/packages/c1/b5/e555067d8dd44b5bccbd17f1ca4fdadd2e4defbb0022a296030d76293d25/python_engineio-4.5.1-py3-none-any.whl"
            },
            {
              "algorithm": "sha256",
              "hash": "b167a1b208fcdce5dbe96a61a6ca22391cfa6715d796c22de93e3adf9c07ae0c",
              "url": "https://files.pythonhosted.org/packages/69/9e/a85b93a164b256ae7997c9b761ed160ec08f9f99f7b205646e660769b110/python-engineio-4.5.1.tar.gz"
            }
          ],
          "project_name": "python-engineio",
          "requires_dists": [
            "aiohttp>=3.4; extra == \"asyncio_client\"",
            "requests>=2.21.0; extra == \"client\"",
            "sphinx; extra == \"docs\"",
            "websocket-client>=0.54.0; extra == \"client\""
          ],
          "requires_python": ">=3.6",
          "version": "4.5.1"
        },
        {
          "artifacts": [
            {
              "algorithm": "sha256",
              "hash": "7adb8867aac1c2929b9c1429f1c02e12ca4c36b67c807967393e367dfbb01441",
              "url": "https://files.pythonhosted.org/packages/5d/e9/f296186e2a91f1472b9da74346163411196dc1b17f425acf088f293b32cc/python_socketio-5.8.0-py3-none-any.whl"
            },
            {
              "algorithm": "sha256",
              "hash": "e714f4dddfaaa0cb0e37a1e2deef2bb60590a5b9fea9c343dd8ca5e688416fd9",
              "url": "https://files.pythonhosted.org/packages/c6/4e/69e98ca93a7aa59b5e868afe54b133c7675828af710805ee5cde955fd732/python-socketio-5.8.0.tar.gz"
            }
          ],
          "project_name": "python-socketio",
          "requires_dists": [
            "aiohttp>=3.4; extra == \"asyncio_client\"",
            "bidict>=0.21.0",
            "python-engineio>=4.3.0",
            "requests>=2.21.0; extra == \"client\"",
            "websocket-client>=0.54.0; extra == \"client\""
          ],
          "requires_python": ">=3.6",
          "version": "5.8.0"
        },
        {
          "artifacts": [
            {
              "algorithm": "sha256",
              "hash": "58cd2187c01e70e6e26505bca751777aa9f2ee0b7f4300988b709f44e013003f",
              "url": "https://files.pythonhosted.org/packages/70/8e/0e2d847013cb52cd35b38c009bb167a1a26b2ce6cd6965bf26b47bc0bf44/requests-2.31.0-py3-none-any.whl"
            },
            {
              "algorithm": "sha256",
              "hash": "942c5a758f98d790eaed1a29cb6eefc7ffb0d1cf7af05c3d2791656dbd6ad1e1",
              "url": "https://files.pythonhosted.org/packages/9d/be/10918a2eac4ae9f02f6cfe6414b7a155ccd8f7f9d4380d62fd5b955065c3/requests-2.31.0.tar.gz"
            }
          ],
          "project_name": "requests",
          "requires_dists": [
            "PySocks!=1.5.7,>=1.5.6; extra == \"socks\"",
            "certifi>=2017.4.17",
            "chardet<6,>=3.0.2; extra == \"use_chardet_on_py3\"",
            "charset-normalizer<4,>=2",
            "idna<4,>=2.5",
            "urllib3<3,>=1.21.1"
          ],
          "requires_python": ">=3.7",
          "version": "2.31.0"
        },
        {
          "artifacts": [
            {
              "algorithm": "sha256",
              "hash": "afb06ef8f25ba83d59a1d424bd7a5a939082f94b94e90ab5e6116bd2559deaa3",
              "url": "https://files.pythonhosted.org/packages/c7/09/d89e773735e444828f8d5a4b11f8a940e314ae05c6ccedfc94e44861e97e/types_requests-2.31.0.1-py3-none-any.whl"
            },
            {
              "algorithm": "sha256",
              "hash": "3de667cffa123ce698591de0ad7db034a5317457a596eb0b4944e5a9d9e8d1ac",
              "url": "https://files.pythonhosted.org/packages/20/8e/2f846f4295021703d4f12aebf504dd5e47b7750d104ee0a8fd253f601d02/types-requests-2.31.0.1.tar.gz"
            }
          ],
          "project_name": "types-requests",
          "requires_dists": [
            "types-urllib3"
          ],
          "requires_python": null,
          "version": "2.31.0.1"
        },
        {
          "artifacts": [
            {
              "algorithm": "sha256",
              "hash": "5dbd1d2bef14efee43f5318b5d36d805a489f6600252bb53626d4bfafd95e27c",
              "url": "https://files.pythonhosted.org/packages/08/6d/98b51f9776747e1e270919aa02298ce6a7d2d4d78a3349b47666deb61c4c/types_urllib3-1.26.25.13-py3-none-any.whl"
            },
            {
              "algorithm": "sha256",
              "hash": "3300538c9dc11dad32eae4827ac313f5d986b8b21494801f1bf97a1ac6c03ae5",
              "url": "https://files.pythonhosted.org/packages/27/2a/cb418a2a03a31b8e0daea5e13edcc4ef1408ebb457f2cc833f1c3f30a0fa/types-urllib3-1.26.25.13.tar.gz"
            }
          ],
          "project_name": "types-urllib3",
          "requires_dists": [],
          "requires_python": null,
          "version": "1.26.25.13"
        },
        {
          "artifacts": [
            {
              "algorithm": "sha256",
              "hash": "48e7fafa40319d358848e1bc6809b208340fafe2096f1725d05d67443d0483d1",
              "url": "https://files.pythonhosted.org/packages/8a/03/ad9306a50d05c166e3456fe810f33cee2b8b2a7a6818ec5d4908c4ec6b36/urllib3-2.0.3-py3-none-any.whl"
            },
            {
              "algorithm": "sha256",
              "hash": "bee28b5e56addb8226c96f7f13ac28cb4c301dd5ea8a6ca179c0b9835e032825",
              "url": "https://files.pythonhosted.org/packages/d6/af/3b4cfedd46b3addab52e84a71ab26518272c23c77116de3c61ead54af903/urllib3-2.0.3.tar.gz"
            }
          ],
          "project_name": "urllib3",
          "requires_dists": [
            "brotli>=1.0.9; platform_python_implementation == \"CPython\" and extra == \"brotli\"",
            "brotlicffi>=0.8.0; platform_python_implementation != \"CPython\" and extra == \"brotli\"",
            "certifi; extra == \"secure\"",
            "cryptography>=1.9; extra == \"secure\"",
            "idna>=2.0.0; extra == \"secure\"",
            "pyopenssl>=17.1.0; extra == \"secure\"",
            "pysocks!=1.5.7,<2.0,>=1.5.6; extra == \"socks\"",
            "urllib3-secure-extra; extra == \"secure\"",
            "zstandard>=0.18.0; extra == \"zstd\""
          ],
          "requires_python": ">=3.7",
          "version": "2.0.3"
        },
        {
          "artifacts": [
            {
              "algorithm": "sha256",
              "hash": "f1f9f2ad5291f0225a49efad77abf9e700b6fef553900623060dad6e26503b9d",
              "url": "https://files.pythonhosted.org/packages/d3/a3/63e9329c8cc9be6153e919e17d0ef5b60d537fed78564872951b95bcc17c/websocket_client-1.6.1-py3-none-any.whl"
            },
            {
              "algorithm": "sha256",
              "hash": "c951af98631d24f8df89ab1019fc365f2227c0892f12fd150e935607c79dd0dd",
              "url": "https://files.pythonhosted.org/packages/b1/34/3a5cae1e07d9566ad073fa6d169bf22c03a3ba7b31b3c3422ec88d039108/websocket-client-1.6.1.tar.gz"
            }
          ],
          "project_name": "websocket-client",
          "requires_dists": [
            "Sphinx>=3.4; extra == \"docs\"",
            "python-socks; extra == \"optional\"",
            "sphinx-rtd-theme>=0.5; extra == \"docs\"",
            "websockets; extra == \"test\"",
            "wsaccel; extra == \"optional\""
          ],
          "requires_python": ">=3.7",
          "version": "1.6.1"
        }
      ],
      "platform_tag": null
    }
  ],
  "path_mappings": {},
  "pex_version": "2.1.134",
  "pip_version": "20.3.4-patched",
  "prefer_older_binary": false,
  "requirements": [
    "era-5g-interface~=0.3.0",
    "numpy>=1.24.2",
    "opencv-python>=4.6.0.66",
    "python-socketio>=5.8.0",
    "requests>=2.28.2",
    "types-requests==2.31.0.1",
    "websocket-client>=1.5.1"
  ],
  "requires_python": [
    "<3.11,>=3.8"
  ],
  "resolver_version": "pip-2020-resolver",
  "style": "universal",
  "target_systems": [
    "linux",
    "mac"
  ],
  "transitive": true,
  "use_pep517": null
}
